// !$*UTF8*$!
{
	archiveVersion = 1;
	classes = {
	};
	objectVersion = 51;
	objects = {

/* Begin PBXBuildFile section */
		0A6531852BB62CD2931A353C /* Pods_SportsTracerTests.framework in Frameworks */ = {isa = PBXBuildFile; fileRef = 9D97CBA9629AEB67C113E014 /* Pods_SportsTracerTests.framework */; };
		25714AED3F26C423446D6D70 /* Pods_SportsTracer.framework in Frameworks */ = {isa = PBXBuildFile; fileRef = 9A43D0C6E9378209E1CF449B /* Pods_SportsTracer.framework */; };
		CDB66342EB573BC81BC6DDC0 /* Pods_SportsTracer_SportsTracerUITests.framework in Frameworks */ = {isa = PBXBuildFile; fileRef = 045F43C0F82ABABAE397C81D /* Pods_SportsTracer_SportsTracerUITests.framework */; };
		EE090F7724DAB54000300A4F /* HealthDataManager.swift in Sources */ = {isa = PBXBuildFile; fileRef = EE090F7624DAB54000300A4F /* HealthDataManager.swift */; };
		EE090F9524DADA0200300A4F /* Settings.swift in Sources */ = {isa = PBXBuildFile; fileRef = EE090F9424DADA0200300A4F /* Settings.swift */; };
		EE090F9B24DADA7E00300A4F /* Goal.swift in Sources */ = {isa = PBXBuildFile; fileRef = EE090F9A24DADA7E00300A4F /* Goal.swift */; };
		EE090FA124DADD8200300A4F /* ErrorHandling.swift in Sources */ = {isa = PBXBuildFile; fileRef = EE090FA024DADD8200300A4F /* ErrorHandling.swift */; };
		EE47A60424DEEBC60090621A /* AppSpot.cer in Resources */ = {isa = PBXBuildFile; fileRef = EE47A60324DEEBC50090621A /* AppSpot.cer */; };
		EE47A60524DEEBC60090621A /* AppSpot.cer in Resources */ = {isa = PBXBuildFile; fileRef = EE47A60324DEEBC50090621A /* AppSpot.cer */; };
		EE47A60624DEEBC60090621A /* AppSpot.cer in Resources */ = {isa = PBXBuildFile; fileRef = EE47A60324DEEBC50090621A /* AppSpot.cer */; };
		EE47A60724DEEBC60090621A /* AppSpot.cer in Resources */ = {isa = PBXBuildFile; fileRef = EE47A60324DEEBC50090621A /* AppSpot.cer */; };
		EE47A60924DEF3120090621A /* PersistenceManager.swift in Sources */ = {isa = PBXBuildFile; fileRef = EE47A60824DEF3120090621A /* PersistenceManager.swift */; };
		EE47A60A24DEF3120090621A /* PersistenceManager.swift in Sources */ = {isa = PBXBuildFile; fileRef = EE47A60824DEF3120090621A /* PersistenceManager.swift */; };
		EE47A60B24DEF3120090621A /* PersistenceManager.swift in Sources */ = {isa = PBXBuildFile; fileRef = EE47A60824DEF3120090621A /* PersistenceManager.swift */; };
		EE47A60C24DEF3120090621A /* PersistenceManager.swift in Sources */ = {isa = PBXBuildFile; fileRef = EE47A60824DEF3120090621A /* PersistenceManager.swift */; };
		EE47A60F24DEF5150090621A /* GoalEntity+EntityToModel.swift in Sources */ = {isa = PBXBuildFile; fileRef = EE47A60E24DEF5150090621A /* GoalEntity+EntityToModel.swift */; };
		EE47A61024DEF5150090621A /* GoalEntity+EntityToModel.swift in Sources */ = {isa = PBXBuildFile; fileRef = EE47A60E24DEF5150090621A /* GoalEntity+EntityToModel.swift */; };
		EE47A61124DEF5150090621A /* GoalEntity+EntityToModel.swift in Sources */ = {isa = PBXBuildFile; fileRef = EE47A60E24DEF5150090621A /* GoalEntity+EntityToModel.swift */; };
		EE47A61224DEF5150090621A /* GoalEntity+EntityToModel.swift in Sources */ = {isa = PBXBuildFile; fileRef = EE47A60E24DEF5150090621A /* GoalEntity+EntityToModel.swift */; };
		EE47A61424DEFAF50090621A /* TypeEntity+EntityToModel.swift in Sources */ = {isa = PBXBuildFile; fileRef = EE47A61324DEFAF50090621A /* TypeEntity+EntityToModel.swift */; };
		EE47A61524DEFAF50090621A /* TypeEntity+EntityToModel.swift in Sources */ = {isa = PBXBuildFile; fileRef = EE47A61324DEFAF50090621A /* TypeEntity+EntityToModel.swift */; };
		EE47A61624DEFAF50090621A /* TypeEntity+EntityToModel.swift in Sources */ = {isa = PBXBuildFile; fileRef = EE47A61324DEFAF50090621A /* TypeEntity+EntityToModel.swift */; };
		EE47A61724DEFAF50090621A /* TypeEntity+EntityToModel.swift in Sources */ = {isa = PBXBuildFile; fileRef = EE47A61324DEFAF50090621A /* TypeEntity+EntityToModel.swift */; };
		EE47A61924DEFB160090621A /* RewardEntity+EntityToModel.swift in Sources */ = {isa = PBXBuildFile; fileRef = EE47A61824DEFB160090621A /* RewardEntity+EntityToModel.swift */; };
		EE47A61A24DEFB160090621A /* RewardEntity+EntityToModel.swift in Sources */ = {isa = PBXBuildFile; fileRef = EE47A61824DEFB160090621A /* RewardEntity+EntityToModel.swift */; };
		EE47A61B24DEFB160090621A /* RewardEntity+EntityToModel.swift in Sources */ = {isa = PBXBuildFile; fileRef = EE47A61824DEFB160090621A /* RewardEntity+EntityToModel.swift */; };
		EE47A61C24DEFB160090621A /* RewardEntity+EntityToModel.swift in Sources */ = {isa = PBXBuildFile; fileRef = EE47A61824DEFB160090621A /* RewardEntity+EntityToModel.swift */; };
		EE47A61E24DEFB840090621A /* ModelConvertableProtocol.swift in Sources */ = {isa = PBXBuildFile; fileRef = EE47A61D24DEFB840090621A /* ModelConvertableProtocol.swift */; };
		EE47A61F24DEFB840090621A /* ModelConvertableProtocol.swift in Sources */ = {isa = PBXBuildFile; fileRef = EE47A61D24DEFB840090621A /* ModelConvertableProtocol.swift */; };
		EE47A62024DEFB840090621A /* ModelConvertableProtocol.swift in Sources */ = {isa = PBXBuildFile; fileRef = EE47A61D24DEFB840090621A /* ModelConvertableProtocol.swift */; };
		EE47A62124DEFB840090621A /* ModelConvertableProtocol.swift in Sources */ = {isa = PBXBuildFile; fileRef = EE47A61D24DEFB840090621A /* ModelConvertableProtocol.swift */; };
		EE47A62424DF03230090621A /* EntityConvertableProtocol.swift in Sources */ = {isa = PBXBuildFile; fileRef = EE47A62324DF03230090621A /* EntityConvertableProtocol.swift */; };
		EE47A62524DF03230090621A /* EntityConvertableProtocol.swift in Sources */ = {isa = PBXBuildFile; fileRef = EE47A62324DF03230090621A /* EntityConvertableProtocol.swift */; };
		EE47A62624DF03230090621A /* EntityConvertableProtocol.swift in Sources */ = {isa = PBXBuildFile; fileRef = EE47A62324DF03230090621A /* EntityConvertableProtocol.swift */; };
		EE47A62724DF03230090621A /* EntityConvertableProtocol.swift in Sources */ = {isa = PBXBuildFile; fileRef = EE47A62324DF03230090621A /* EntityConvertableProtocol.swift */; };
		EE47A62924DF04020090621A /* Model+ModelToEntity.swift in Sources */ = {isa = PBXBuildFile; fileRef = EE47A62824DF04020090621A /* Model+ModelToEntity.swift */; };
		EE47A62A24DF04020090621A /* Model+ModelToEntity.swift in Sources */ = {isa = PBXBuildFile; fileRef = EE47A62824DF04020090621A /* Model+ModelToEntity.swift */; };
		EE47A62B24DF04020090621A /* Model+ModelToEntity.swift in Sources */ = {isa = PBXBuildFile; fileRef = EE47A62824DF04020090621A /* Model+ModelToEntity.swift */; };
		EE47A62C24DF04020090621A /* Model+ModelToEntity.swift in Sources */ = {isa = PBXBuildFile; fileRef = EE47A62824DF04020090621A /* Model+ModelToEntity.swift */; };
		EE47A62F24DF08110090621A /* DataManager.swift in Sources */ = {isa = PBXBuildFile; fileRef = EE47A62E24DF08110090621A /* DataManager.swift */; };
		EE47A63024DF08110090621A /* DataManager.swift in Sources */ = {isa = PBXBuildFile; fileRef = EE47A62E24DF08110090621A /* DataManager.swift */; };
		EE47A63124DF08110090621A /* DataManager.swift in Sources */ = {isa = PBXBuildFile; fileRef = EE47A62E24DF08110090621A /* DataManager.swift */; };
		EE47A63224DF08110090621A /* DataManager.swift in Sources */ = {isa = PBXBuildFile; fileRef = EE47A62E24DF08110090621A /* DataManager.swift */; };
		EE48CB1924DAEDCB00BD04E1 /* GoalService.swift in Sources */ = {isa = PBXBuildFile; fileRef = EE090F8E24DAD98A00300A4F /* GoalService.swift */; };
		EE48CB1D24DAEDD900BD04E1 /* GoalsViewController.swift in Sources */ = {isa = PBXBuildFile; fileRef = EED398D224DAE7F000D0C0E7 /* GoalsViewController.swift */; };
		EE8FA91A24DC0AFE0041819D /* UIRefreshControl+AutoBeginRefresh.swift in Sources */ = {isa = PBXBuildFile; fileRef = EE8FA91924DC0AFE0041819D /* UIRefreshControl+AutoBeginRefresh.swift */; };
		EE8FA92324DC36660041819D /* Localizations.strings in Resources */ = {isa = PBXBuildFile; fileRef = EE8FA92824DC36660041819D /* Localizations.strings */; };
		EE8FA94C24DC417A0041819D /* UIViewController+Enumerate.swift in Sources */ = {isa = PBXBuildFile; fileRef = EE8FA94B24DC417A0041819D /* UIViewController+Enumerate.swift */; };
		EE8FA95824DC4A3B0041819D /* HealthKit.framework in Frameworks */ = {isa = PBXBuildFile; fileRef = EE8FA95724DC4A3B0041819D /* HealthKit.framework */; };
		EE8FA95E24DC4B030041819D /* NetwortService.swift in Sources */ = {isa = PBXBuildFile; fileRef = FADF5A0F24D823EF00BC147A /* NetwortService.swift */; };
		EE8FA95F24DC4B030041819D /* SportsTracer.xcdatamodeld in Sources */ = {isa = PBXBuildFile; fileRef = FADF59D724D8171600BC147A /* SportsTracer.xcdatamodeld */; };
		EE8FA96024DC4B030041819D /* UIViewController+Enumerate.swift in Sources */ = {isa = PBXBuildFile; fileRef = EE8FA94B24DC417A0041819D /* UIViewController+Enumerate.swift */; };
		EE8FA96124DC4B030041819D /* Settings.swift in Sources */ = {isa = PBXBuildFile; fileRef = EE090F9424DADA0200300A4F /* Settings.swift */; };
		EE8FA96324DC4B030041819D /* HomeViewController.swift in Sources */ = {isa = PBXBuildFile; fileRef = EED398E224DAEB9900D0C0E7 /* HomeViewController.swift */; };
		EE8FA96424DC4B030041819D /* SSLPining.swift in Sources */ = {isa = PBXBuildFile; fileRef = FADF5A0124D81CDA00BC147A /* SSLPining.swift */; };
		EE8FA96524DC4B030041819D /* GoalService.swift in Sources */ = {isa = PBXBuildFile; fileRef = EE090F8E24DAD98A00300A4F /* GoalService.swift */; };
		EE8FA96624DC4B030041819D /* Goal.swift in Sources */ = {isa = PBXBuildFile; fileRef = EE090F9A24DADA7E00300A4F /* Goal.swift */; };
		EE8FA96724DC4B030041819D /* GoalsViewController.swift in Sources */ = {isa = PBXBuildFile; fileRef = EED398D224DAE7F000D0C0E7 /* GoalsViewController.swift */; };
		EE8FA96824DC4B030041819D /* HealthDataManager.swift in Sources */ = {isa = PBXBuildFile; fileRef = EE090F7624DAB54000300A4F /* HealthDataManager.swift */; };
		EE8FA96924DC4B030041819D /* SecuredNetworkService.swift in Sources */ = {isa = PBXBuildFile; fileRef = FADF5A1124D8247300BC147A /* SecuredNetworkService.swift */; };
		EE8FA96A24DC4B030041819D /* ErrorHandling.swift in Sources */ = {isa = PBXBuildFile; fileRef = EE090FA024DADD8200300A4F /* ErrorHandling.swift */; };
		EE8FA96B24DC4B030041819D /* UIRefreshControl+AutoBeginRefresh.swift in Sources */ = {isa = PBXBuildFile; fileRef = EE8FA91924DC0AFE0041819D /* UIRefreshControl+AutoBeginRefresh.swift */; };
		EE8FA96C24DC4B030041819D /* SettingsViewController.swift in Sources */ = {isa = PBXBuildFile; fileRef = EED398CB24DAE67400D0C0E7 /* SettingsViewController.swift */; };
		EE8FA96D24DC4B030041819D /* AppDelegate.swift in Sources */ = {isa = PBXBuildFile; fileRef = FADF59CE24D8171600BC147A /* AppDelegate.swift */; };
		EE8FA96E24DC4B030041819D /* SceneDelegate.swift in Sources */ = {isa = PBXBuildFile; fileRef = FADF59D024D8171600BC147A /* SceneDelegate.swift */; };
		EE8FA97024DC4B030041819D /* Pods_SportsTracer.framework in Frameworks */ = {isa = PBXBuildFile; fileRef = 9A43D0C6E9378209E1CF449B /* Pods_SportsTracer.framework */; };
		EE8FA97124DC4B030041819D /* HealthKit.framework in Frameworks */ = {isa = PBXBuildFile; fileRef = EE8FA95724DC4A3B0041819D /* HealthKit.framework */; };
		EE8FA97324DC4B030041819D /* SportsTracerDEV-Info.plist in Resources */ = {isa = PBXBuildFile; fileRef = EE8FA93924DC40C50041819D /* SportsTracerDEV-Info.plist */; };
		EE8FA97424DC4B030041819D /* Localizations.strings in Resources */ = {isa = PBXBuildFile; fileRef = EE8FA92824DC36660041819D /* Localizations.strings */; };
		EE8FA97524DC4B030041819D /* LaunchScreen.storyboard in Resources */ = {isa = PBXBuildFile; fileRef = FADF59DC24D8171800BC147A /* LaunchScreen.storyboard */; };
		EE8FA97624DC4B030041819D /* SportsTracerPROD-Info.plist in Resources */ = {isa = PBXBuildFile; fileRef = EE8FA93A24DC40C50041819D /* SportsTracerPROD-Info.plist */; };
		EE8FA97724DC4B030041819D /* Assets.xcassets in Resources */ = {isa = PBXBuildFile; fileRef = FADF59DA24D8171800BC147A /* Assets.xcassets */; };
		EE8FA97824DC4B030041819D /* Main.storyboard in Resources */ = {isa = PBXBuildFile; fileRef = FADF59D424D8171600BC147A /* Main.storyboard */; };
		EE8FA97A24DC4B030041819D /* SportsTracerUAT-Info.plist in Resources */ = {isa = PBXBuildFile; fileRef = EE8FA93724DC40C50041819D /* SportsTracerUAT-Info.plist */; };
		EE8FA97B24DC4B030041819D /* SportsTracerQA-Info.plist in Resources */ = {isa = PBXBuildFile; fileRef = EE8FA93824DC40C50041819D /* SportsTracerQA-Info.plist */; };
		EE8FA98524DC4B0A0041819D /* NetwortService.swift in Sources */ = {isa = PBXBuildFile; fileRef = FADF5A0F24D823EF00BC147A /* NetwortService.swift */; };
		EE8FA98624DC4B0A0041819D /* SportsTracer.xcdatamodeld in Sources */ = {isa = PBXBuildFile; fileRef = FADF59D724D8171600BC147A /* SportsTracer.xcdatamodeld */; };
		EE8FA98724DC4B0A0041819D /* UIViewController+Enumerate.swift in Sources */ = {isa = PBXBuildFile; fileRef = EE8FA94B24DC417A0041819D /* UIViewController+Enumerate.swift */; };
		EE8FA98824DC4B0A0041819D /* Settings.swift in Sources */ = {isa = PBXBuildFile; fileRef = EE090F9424DADA0200300A4F /* Settings.swift */; };
		EE8FA98A24DC4B0A0041819D /* HomeViewController.swift in Sources */ = {isa = PBXBuildFile; fileRef = EED398E224DAEB9900D0C0E7 /* HomeViewController.swift */; };
		EE8FA98B24DC4B0A0041819D /* SSLPining.swift in Sources */ = {isa = PBXBuildFile; fileRef = FADF5A0124D81CDA00BC147A /* SSLPining.swift */; };
		EE8FA98C24DC4B0A0041819D /* GoalService.swift in Sources */ = {isa = PBXBuildFile; fileRef = EE090F8E24DAD98A00300A4F /* GoalService.swift */; };
		EE8FA98D24DC4B0A0041819D /* Goal.swift in Sources */ = {isa = PBXBuildFile; fileRef = EE090F9A24DADA7E00300A4F /* Goal.swift */; };
		EE8FA98E24DC4B0A0041819D /* GoalsViewController.swift in Sources */ = {isa = PBXBuildFile; fileRef = EED398D224DAE7F000D0C0E7 /* GoalsViewController.swift */; };
		EE8FA98F24DC4B0A0041819D /* HealthDataManager.swift in Sources */ = {isa = PBXBuildFile; fileRef = EE090F7624DAB54000300A4F /* HealthDataManager.swift */; };
		EE8FA99024DC4B0A0041819D /* SecuredNetworkService.swift in Sources */ = {isa = PBXBuildFile; fileRef = FADF5A1124D8247300BC147A /* SecuredNetworkService.swift */; };
		EE8FA99124DC4B0A0041819D /* ErrorHandling.swift in Sources */ = {isa = PBXBuildFile; fileRef = EE090FA024DADD8200300A4F /* ErrorHandling.swift */; };
		EE8FA99224DC4B0A0041819D /* UIRefreshControl+AutoBeginRefresh.swift in Sources */ = {isa = PBXBuildFile; fileRef = EE8FA91924DC0AFE0041819D /* UIRefreshControl+AutoBeginRefresh.swift */; };
		EE8FA99324DC4B0A0041819D /* SettingsViewController.swift in Sources */ = {isa = PBXBuildFile; fileRef = EED398CB24DAE67400D0C0E7 /* SettingsViewController.swift */; };
		EE8FA99424DC4B0A0041819D /* AppDelegate.swift in Sources */ = {isa = PBXBuildFile; fileRef = FADF59CE24D8171600BC147A /* AppDelegate.swift */; };
		EE8FA99524DC4B0A0041819D /* SceneDelegate.swift in Sources */ = {isa = PBXBuildFile; fileRef = FADF59D024D8171600BC147A /* SceneDelegate.swift */; };
		EE8FA99724DC4B0A0041819D /* Pods_SportsTracer.framework in Frameworks */ = {isa = PBXBuildFile; fileRef = 9A43D0C6E9378209E1CF449B /* Pods_SportsTracer.framework */; };
		EE8FA99824DC4B0A0041819D /* HealthKit.framework in Frameworks */ = {isa = PBXBuildFile; fileRef = EE8FA95724DC4A3B0041819D /* HealthKit.framework */; };
		EE8FA99A24DC4B0A0041819D /* SportsTracerDEV-Info.plist in Resources */ = {isa = PBXBuildFile; fileRef = EE8FA93924DC40C50041819D /* SportsTracerDEV-Info.plist */; };
		EE8FA99B24DC4B0A0041819D /* Localizations.strings in Resources */ = {isa = PBXBuildFile; fileRef = EE8FA92824DC36660041819D /* Localizations.strings */; };
		EE8FA99C24DC4B0A0041819D /* LaunchScreen.storyboard in Resources */ = {isa = PBXBuildFile; fileRef = FADF59DC24D8171800BC147A /* LaunchScreen.storyboard */; };
		EE8FA99D24DC4B0A0041819D /* SportsTracerPROD-Info.plist in Resources */ = {isa = PBXBuildFile; fileRef = EE8FA93A24DC40C50041819D /* SportsTracerPROD-Info.plist */; };
		EE8FA99E24DC4B0A0041819D /* Assets.xcassets in Resources */ = {isa = PBXBuildFile; fileRef = FADF59DA24D8171800BC147A /* Assets.xcassets */; };
		EE8FA99F24DC4B0A0041819D /* Main.storyboard in Resources */ = {isa = PBXBuildFile; fileRef = FADF59D424D8171600BC147A /* Main.storyboard */; };
		EE8FA9A124DC4B0A0041819D /* SportsTracerUAT-Info.plist in Resources */ = {isa = PBXBuildFile; fileRef = EE8FA93724DC40C50041819D /* SportsTracerUAT-Info.plist */; };
		EE8FA9A224DC4B0A0041819D /* SportsTracerQA-Info.plist in Resources */ = {isa = PBXBuildFile; fileRef = EE8FA93824DC40C50041819D /* SportsTracerQA-Info.plist */; };
		EE8FA9AC24DC4B110041819D /* NetwortService.swift in Sources */ = {isa = PBXBuildFile; fileRef = FADF5A0F24D823EF00BC147A /* NetwortService.swift */; };
		EE8FA9AD24DC4B110041819D /* SportsTracer.xcdatamodeld in Sources */ = {isa = PBXBuildFile; fileRef = FADF59D724D8171600BC147A /* SportsTracer.xcdatamodeld */; };
		EE8FA9AE24DC4B110041819D /* UIViewController+Enumerate.swift in Sources */ = {isa = PBXBuildFile; fileRef = EE8FA94B24DC417A0041819D /* UIViewController+Enumerate.swift */; };
		EE8FA9AF24DC4B110041819D /* Settings.swift in Sources */ = {isa = PBXBuildFile; fileRef = EE090F9424DADA0200300A4F /* Settings.swift */; };
		EE8FA9B124DC4B110041819D /* HomeViewController.swift in Sources */ = {isa = PBXBuildFile; fileRef = EED398E224DAEB9900D0C0E7 /* HomeViewController.swift */; };
		EE8FA9B224DC4B110041819D /* SSLPining.swift in Sources */ = {isa = PBXBuildFile; fileRef = FADF5A0124D81CDA00BC147A /* SSLPining.swift */; };
		EE8FA9B324DC4B110041819D /* GoalService.swift in Sources */ = {isa = PBXBuildFile; fileRef = EE090F8E24DAD98A00300A4F /* GoalService.swift */; };
		EE8FA9B424DC4B110041819D /* Goal.swift in Sources */ = {isa = PBXBuildFile; fileRef = EE090F9A24DADA7E00300A4F /* Goal.swift */; };
		EE8FA9B524DC4B110041819D /* GoalsViewController.swift in Sources */ = {isa = PBXBuildFile; fileRef = EED398D224DAE7F000D0C0E7 /* GoalsViewController.swift */; };
		EE8FA9B624DC4B110041819D /* HealthDataManager.swift in Sources */ = {isa = PBXBuildFile; fileRef = EE090F7624DAB54000300A4F /* HealthDataManager.swift */; };
		EE8FA9B724DC4B110041819D /* SecuredNetworkService.swift in Sources */ = {isa = PBXBuildFile; fileRef = FADF5A1124D8247300BC147A /* SecuredNetworkService.swift */; };
		EE8FA9B824DC4B110041819D /* ErrorHandling.swift in Sources */ = {isa = PBXBuildFile; fileRef = EE090FA024DADD8200300A4F /* ErrorHandling.swift */; };
		EE8FA9B924DC4B110041819D /* UIRefreshControl+AutoBeginRefresh.swift in Sources */ = {isa = PBXBuildFile; fileRef = EE8FA91924DC0AFE0041819D /* UIRefreshControl+AutoBeginRefresh.swift */; };
		EE8FA9BA24DC4B110041819D /* SettingsViewController.swift in Sources */ = {isa = PBXBuildFile; fileRef = EED398CB24DAE67400D0C0E7 /* SettingsViewController.swift */; };
		EE8FA9BB24DC4B110041819D /* AppDelegate.swift in Sources */ = {isa = PBXBuildFile; fileRef = FADF59CE24D8171600BC147A /* AppDelegate.swift */; };
		EE8FA9BC24DC4B110041819D /* SceneDelegate.swift in Sources */ = {isa = PBXBuildFile; fileRef = FADF59D024D8171600BC147A /* SceneDelegate.swift */; };
		EE8FA9BE24DC4B110041819D /* Pods_SportsTracer.framework in Frameworks */ = {isa = PBXBuildFile; fileRef = 9A43D0C6E9378209E1CF449B /* Pods_SportsTracer.framework */; };
		EE8FA9BF24DC4B110041819D /* HealthKit.framework in Frameworks */ = {isa = PBXBuildFile; fileRef = EE8FA95724DC4A3B0041819D /* HealthKit.framework */; };
		EE8FA9C124DC4B110041819D /* SportsTracerDEV-Info.plist in Resources */ = {isa = PBXBuildFile; fileRef = EE8FA93924DC40C50041819D /* SportsTracerDEV-Info.plist */; };
		EE8FA9C224DC4B110041819D /* Localizations.strings in Resources */ = {isa = PBXBuildFile; fileRef = EE8FA92824DC36660041819D /* Localizations.strings */; };
		EE8FA9C324DC4B110041819D /* LaunchScreen.storyboard in Resources */ = {isa = PBXBuildFile; fileRef = FADF59DC24D8171800BC147A /* LaunchScreen.storyboard */; };
		EE8FA9C424DC4B110041819D /* SportsTracerPROD-Info.plist in Resources */ = {isa = PBXBuildFile; fileRef = EE8FA93A24DC40C50041819D /* SportsTracerPROD-Info.plist */; };
		EE8FA9C524DC4B110041819D /* Assets.xcassets in Resources */ = {isa = PBXBuildFile; fileRef = FADF59DA24D8171800BC147A /* Assets.xcassets */; };
		EE8FA9C624DC4B110041819D /* Main.storyboard in Resources */ = {isa = PBXBuildFile; fileRef = FADF59D424D8171600BC147A /* Main.storyboard */; };
		EE8FA9C824DC4B110041819D /* SportsTracerUAT-Info.plist in Resources */ = {isa = PBXBuildFile; fileRef = EE8FA93724DC40C50041819D /* SportsTracerUAT-Info.plist */; };
		EE8FA9C924DC4B110041819D /* SportsTracerQA-Info.plist in Resources */ = {isa = PBXBuildFile; fileRef = EE8FA93824DC40C50041819D /* SportsTracerQA-Info.plist */; };
		EEAF1FEA24DFAA3900DBDBE9 /* EntityManager.swift in Sources */ = {isa = PBXBuildFile; fileRef = EEAF1FE924DFAA3800DBDBE9 /* EntityManager.swift */; };
		EEAF1FEB24DFAA3900DBDBE9 /* EntityManager.swift in Sources */ = {isa = PBXBuildFile; fileRef = EEAF1FE924DFAA3800DBDBE9 /* EntityManager.swift */; };
		EEAF1FEC24DFAA3900DBDBE9 /* EntityManager.swift in Sources */ = {isa = PBXBuildFile; fileRef = EEAF1FE924DFAA3800DBDBE9 /* EntityManager.swift */; };
		EEAF1FED24DFAA3900DBDBE9 /* EntityManager.swift in Sources */ = {isa = PBXBuildFile; fileRef = EEAF1FE924DFAA3800DBDBE9 /* EntityManager.swift */; };
		EEAF1FF024DFB4F600DBDBE9 /* HealthRecordTableViewCellI.swift in Sources */ = {isa = PBXBuildFile; fileRef = EEAF1FEF24DFB4F600DBDBE9 /* HealthRecordTableViewCellI.swift */; };
		EEAF1FF124DFB4F600DBDBE9 /* HealthRecordTableViewCellI.swift in Sources */ = {isa = PBXBuildFile; fileRef = EEAF1FEF24DFB4F600DBDBE9 /* HealthRecordTableViewCellI.swift */; };
		EEAF1FF224DFB4F600DBDBE9 /* HealthRecordTableViewCellI.swift in Sources */ = {isa = PBXBuildFile; fileRef = EEAF1FEF24DFB4F600DBDBE9 /* HealthRecordTableViewCellI.swift */; };
		EEAF1FF324DFB4F600DBDBE9 /* HealthRecordTableViewCellI.swift in Sources */ = {isa = PBXBuildFile; fileRef = EEAF1FEF24DFB4F600DBDBE9 /* HealthRecordTableViewCellI.swift */; };
		EEAF1FF524DFF3C600DBDBE9 /* GoalTableViewCell.swift in Sources */ = {isa = PBXBuildFile; fileRef = EEAF1FF424DFF3C600DBDBE9 /* GoalTableViewCell.swift */; };
		EEAF1FF624DFF3C600DBDBE9 /* GoalTableViewCell.swift in Sources */ = {isa = PBXBuildFile; fileRef = EEAF1FF424DFF3C600DBDBE9 /* GoalTableViewCell.swift */; };
		EEAF1FF724DFF3C600DBDBE9 /* GoalTableViewCell.swift in Sources */ = {isa = PBXBuildFile; fileRef = EEAF1FF424DFF3C600DBDBE9 /* GoalTableViewCell.swift */; };
		EEAF1FF824DFF3C600DBDBE9 /* GoalTableViewCell.swift in Sources */ = {isa = PBXBuildFile; fileRef = EEAF1FF424DFF3C600DBDBE9 /* GoalTableViewCell.swift */; };
		EEC4C6EE24E02FA500DEF571 /* DateUtility.swift in Sources */ = {isa = PBXBuildFile; fileRef = EEC4C6ED24E02FA500DEF571 /* DateUtility.swift */; };
		EEC4C6EF24E02FA500DEF571 /* DateUtility.swift in Sources */ = {isa = PBXBuildFile; fileRef = EEC4C6ED24E02FA500DEF571 /* DateUtility.swift */; };
		EEC4C6F024E02FA500DEF571 /* DateUtility.swift in Sources */ = {isa = PBXBuildFile; fileRef = EEC4C6ED24E02FA500DEF571 /* DateUtility.swift */; };
		EEC4C6F124E02FA500DEF571 /* DateUtility.swift in Sources */ = {isa = PBXBuildFile; fileRef = EEC4C6ED24E02FA500DEF571 /* DateUtility.swift */; };
		EED398CC24DAE67400D0C0E7 /* SettingsViewController.swift in Sources */ = {isa = PBXBuildFile; fileRef = EED398CB24DAE67400D0C0E7 /* SettingsViewController.swift */; };
		EED398E324DAEB9900D0C0E7 /* HomeViewController.swift in Sources */ = {isa = PBXBuildFile; fileRef = EED398E224DAEB9900D0C0E7 /* HomeViewController.swift */; };
		FADF59CF24D8171600BC147A /* AppDelegate.swift in Sources */ = {isa = PBXBuildFile; fileRef = FADF59CE24D8171600BC147A /* AppDelegate.swift */; };
		FADF59D124D8171600BC147A /* SceneDelegate.swift in Sources */ = {isa = PBXBuildFile; fileRef = FADF59D024D8171600BC147A /* SceneDelegate.swift */; };
		FADF59D624D8171600BC147A /* Main.storyboard in Resources */ = {isa = PBXBuildFile; fileRef = FADF59D424D8171600BC147A /* Main.storyboard */; };
		FADF59D924D8171600BC147A /* SportsTracer.xcdatamodeld in Sources */ = {isa = PBXBuildFile; fileRef = FADF59D724D8171600BC147A /* SportsTracer.xcdatamodeld */; };
		FADF59DB24D8171800BC147A /* Assets.xcassets in Resources */ = {isa = PBXBuildFile; fileRef = FADF59DA24D8171800BC147A /* Assets.xcassets */; };
		FADF59DE24D8171800BC147A /* LaunchScreen.storyboard in Resources */ = {isa = PBXBuildFile; fileRef = FADF59DC24D8171800BC147A /* LaunchScreen.storyboard */; };
		FADF59E924D8171800BC147A /* SportsTracerTests.swift in Sources */ = {isa = PBXBuildFile; fileRef = FADF59E824D8171800BC147A /* SportsTracerTests.swift */; };
		FADF59F424D8171800BC147A /* SportsTracerUITests.swift in Sources */ = {isa = PBXBuildFile; fileRef = FADF59F324D8171800BC147A /* SportsTracerUITests.swift */; };
		FADF5A0224D81CDA00BC147A /* SSLPining.swift in Sources */ = {isa = PBXBuildFile; fileRef = FADF5A0124D81CDA00BC147A /* SSLPining.swift */; };
		FADF5A1024D823EF00BC147A /* NetwortService.swift in Sources */ = {isa = PBXBuildFile; fileRef = FADF5A0F24D823EF00BC147A /* NetwortService.swift */; };
		FADF5A1224D8247300BC147A /* SecuredNetworkService.swift in Sources */ = {isa = PBXBuildFile; fileRef = FADF5A1124D8247300BC147A /* SecuredNetworkService.swift */; };
/* End PBXBuildFile section */

/* Begin PBXContainerItemProxy section */
		FADF59E524D8171800BC147A /* PBXContainerItemProxy */ = {
			isa = PBXContainerItemProxy;
			containerPortal = FADF59C324D8171600BC147A /* Project object */;
			proxyType = 1;
			remoteGlobalIDString = FADF59CA24D8171600BC147A;
			remoteInfo = SportsTracer;
		};
		FADF59F024D8171800BC147A /* PBXContainerItemProxy */ = {
			isa = PBXContainerItemProxy;
			containerPortal = FADF59C324D8171600BC147A /* Project object */;
			proxyType = 1;
			remoteGlobalIDString = FADF59CA24D8171600BC147A;
			remoteInfo = SportsTracer;
		};
/* End PBXContainerItemProxy section */

/* Begin PBXFileReference section */
		045F43C0F82ABABAE397C81D /* Pods_SportsTracer_SportsTracerUITests.framework */ = {isa = PBXFileReference; explicitFileType = wrapper.framework; includeInIndex = 0; path = Pods_SportsTracer_SportsTracerUITests.framework; sourceTree = BUILT_PRODUCTS_DIR; };
		06FA656506620220F5CFBAED /* Pods-SportsTracer-SportsTracerUITests.debug.xcconfig */ = {isa = PBXFileReference; includeInIndex = 1; lastKnownFileType = text.xcconfig; name = "Pods-SportsTracer-SportsTracerUITests.debug.xcconfig"; path = "Target Support Files/Pods-SportsTracer-SportsTracerUITests/Pods-SportsTracer-SportsTracerUITests.debug.xcconfig"; sourceTree = "<group>"; };
		2335F1D9415255CCEC0A1791 /* Pods-SportsTracerTests.debug.xcconfig */ = {isa = PBXFileReference; includeInIndex = 1; lastKnownFileType = text.xcconfig; name = "Pods-SportsTracerTests.debug.xcconfig"; path = "Target Support Files/Pods-SportsTracerTests/Pods-SportsTracerTests.debug.xcconfig"; sourceTree = "<group>"; };
		2625DE2D085F6BD919CD7802 /* Pods-SportsTracerTests.release.xcconfig */ = {isa = PBXFileReference; includeInIndex = 1; lastKnownFileType = text.xcconfig; name = "Pods-SportsTracerTests.release.xcconfig"; path = "Target Support Files/Pods-SportsTracerTests/Pods-SportsTracerTests.release.xcconfig"; sourceTree = "<group>"; };
		9A43D0C6E9378209E1CF449B /* Pods_SportsTracer.framework */ = {isa = PBXFileReference; explicitFileType = wrapper.framework; includeInIndex = 0; path = Pods_SportsTracer.framework; sourceTree = BUILT_PRODUCTS_DIR; };
		9A7DBF7CFA23E0A460B1F328 /* Pods-SportsTracer.release.xcconfig */ = {isa = PBXFileReference; includeInIndex = 1; lastKnownFileType = text.xcconfig; name = "Pods-SportsTracer.release.xcconfig"; path = "Target Support Files/Pods-SportsTracer/Pods-SportsTracer.release.xcconfig"; sourceTree = "<group>"; };
		9D97CBA9629AEB67C113E014 /* Pods_SportsTracerTests.framework */ = {isa = PBXFileReference; explicitFileType = wrapper.framework; includeInIndex = 0; path = Pods_SportsTracerTests.framework; sourceTree = BUILT_PRODUCTS_DIR; };
		AF54F60BF1C0366CCAEBB84B /* Pods-SportsTracer.debug.xcconfig */ = {isa = PBXFileReference; includeInIndex = 1; lastKnownFileType = text.xcconfig; name = "Pods-SportsTracer.debug.xcconfig"; path = "Target Support Files/Pods-SportsTracer/Pods-SportsTracer.debug.xcconfig"; sourceTree = "<group>"; };
		DE5C0BA424559B6EABBC0FDB /* Pods-SportsTracer-SportsTracerUITests.release.xcconfig */ = {isa = PBXFileReference; includeInIndex = 1; lastKnownFileType = text.xcconfig; name = "Pods-SportsTracer-SportsTracerUITests.release.xcconfig"; path = "Target Support Files/Pods-SportsTracer-SportsTracerUITests/Pods-SportsTracer-SportsTracerUITests.release.xcconfig"; sourceTree = "<group>"; };
		EE090F6E24DAB40B00300A4F /* zh-Hans */ = {isa = PBXFileReference; lastKnownFileType = text.plist.strings; name = "zh-Hans"; path = "zh-Hans.lproj/LaunchScreen.strings"; sourceTree = "<group>"; };
		EE090F7624DAB54000300A4F /* HealthDataManager.swift */ = {isa = PBXFileReference; lastKnownFileType = sourcecode.swift; path = HealthDataManager.swift; sourceTree = "<group>"; };
		EE090F8E24DAD98A00300A4F /* GoalService.swift */ = {isa = PBXFileReference; lastKnownFileType = sourcecode.swift; path = GoalService.swift; sourceTree = "<group>"; };
		EE090F9424DADA0200300A4F /* Settings.swift */ = {isa = PBXFileReference; lastKnownFileType = sourcecode.swift; path = Settings.swift; sourceTree = "<group>"; };
		EE090F9A24DADA7E00300A4F /* Goal.swift */ = {isa = PBXFileReference; lastKnownFileType = sourcecode.swift; path = Goal.swift; sourceTree = "<group>"; };
		EE090FA024DADD8200300A4F /* ErrorHandling.swift */ = {isa = PBXFileReference; fileEncoding = 4; lastKnownFileType = sourcecode.swift; path = ErrorHandling.swift; sourceTree = "<group>"; };
		EE47A60324DEEBC50090621A /* AppSpot.cer */ = {isa = PBXFileReference; lastKnownFileType = file; path = AppSpot.cer; sourceTree = "<group>"; };
		EE47A60824DEF3120090621A /* PersistenceManager.swift */ = {isa = PBXFileReference; lastKnownFileType = sourcecode.swift; path = PersistenceManager.swift; sourceTree = "<group>"; };
		EE47A60E24DEF5150090621A /* GoalEntity+EntityToModel.swift */ = {isa = PBXFileReference; lastKnownFileType = sourcecode.swift; path = "GoalEntity+EntityToModel.swift"; sourceTree = "<group>"; };
		EE47A61324DEFAF50090621A /* TypeEntity+EntityToModel.swift */ = {isa = PBXFileReference; lastKnownFileType = sourcecode.swift; path = "TypeEntity+EntityToModel.swift"; sourceTree = "<group>"; };
		EE47A61824DEFB160090621A /* RewardEntity+EntityToModel.swift */ = {isa = PBXFileReference; lastKnownFileType = sourcecode.swift; path = "RewardEntity+EntityToModel.swift"; sourceTree = "<group>"; };
		EE47A61D24DEFB840090621A /* ModelConvertableProtocol.swift */ = {isa = PBXFileReference; lastKnownFileType = sourcecode.swift; path = ModelConvertableProtocol.swift; sourceTree = "<group>"; };
		EE47A62324DF03230090621A /* EntityConvertableProtocol.swift */ = {isa = PBXFileReference; lastKnownFileType = sourcecode.swift; path = EntityConvertableProtocol.swift; sourceTree = "<group>"; };
		EE47A62824DF04020090621A /* Model+ModelToEntity.swift */ = {isa = PBXFileReference; lastKnownFileType = sourcecode.swift; path = "Model+ModelToEntity.swift"; sourceTree = "<group>"; };
		EE47A62E24DF08110090621A /* DataManager.swift */ = {isa = PBXFileReference; lastKnownFileType = sourcecode.swift; path = DataManager.swift; sourceTree = "<group>"; };
		EE8FA91924DC0AFE0041819D /* UIRefreshControl+AutoBeginRefresh.swift */ = {isa = PBXFileReference; lastKnownFileType = sourcecode.swift; path = "UIRefreshControl+AutoBeginRefresh.swift"; sourceTree = "<group>"; };
		EE8FA92724DC36660041819D /* zh-Hans */ = {isa = PBXFileReference; lastKnownFileType = text.plist.strings; name = "zh-Hans"; path = "zh-Hans.lproj/Localizations.strings"; sourceTree = "<group>"; };
		EE8FA93724DC40C50041819D /* SportsTracerUAT-Info.plist */ = {isa = PBXFileReference; fileEncoding = 4; lastKnownFileType = text.plist.xml; path = "SportsTracerUAT-Info.plist"; sourceTree = "<group>"; };
		EE8FA93824DC40C50041819D /* SportsTracerQA-Info.plist */ = {isa = PBXFileReference; fileEncoding = 4; lastKnownFileType = text.plist.xml; path = "SportsTracerQA-Info.plist"; sourceTree = "<group>"; };
		EE8FA93924DC40C50041819D /* SportsTracerDEV-Info.plist */ = {isa = PBXFileReference; fileEncoding = 4; lastKnownFileType = text.plist.xml; path = "SportsTracerDEV-Info.plist"; sourceTree = "<group>"; };
		EE8FA93A24DC40C50041819D /* SportsTracerPROD-Info.plist */ = {isa = PBXFileReference; fileEncoding = 4; lastKnownFileType = text.plist.xml; path = "SportsTracerPROD-Info.plist"; sourceTree = "<group>"; };
		EE8FA94B24DC417A0041819D /* UIViewController+Enumerate.swift */ = {isa = PBXFileReference; lastKnownFileType = sourcecode.swift; path = "UIViewController+Enumerate.swift"; sourceTree = "<group>"; };
		EE8FA95724DC4A3B0041819D /* HealthKit.framework */ = {isa = PBXFileReference; lastKnownFileType = wrapper.framework; name = HealthKit.framework; path = System/Library/Frameworks/HealthKit.framework; sourceTree = SDKROOT; };
		EE8FA98024DC4B030041819D /* SportsTracerQA.app */ = {isa = PBXFileReference; explicitFileType = wrapper.application; includeInIndex = 0; path = SportsTracerQA.app; sourceTree = BUILT_PRODUCTS_DIR; };
		EE8FA9A724DC4B0A0041819D /* SportsTracerUAT.app */ = {isa = PBXFileReference; explicitFileType = wrapper.application; includeInIndex = 0; path = SportsTracerUAT.app; sourceTree = BUILT_PRODUCTS_DIR; };
		EE8FA9CE24DC4B110041819D /* SportsTracerPROD.app */ = {isa = PBXFileReference; explicitFileType = wrapper.application; includeInIndex = 0; path = SportsTracerPROD.app; sourceTree = BUILT_PRODUCTS_DIR; };
		EEAF1FE924DFAA3800DBDBE9 /* EntityManager.swift */ = {isa = PBXFileReference; fileEncoding = 4; lastKnownFileType = sourcecode.swift; path = EntityManager.swift; sourceTree = "<group>"; };
		EEAF1FEF24DFB4F600DBDBE9 /* HealthRecordTableViewCellI.swift */ = {isa = PBXFileReference; lastKnownFileType = sourcecode.swift; path = HealthRecordTableViewCellI.swift; sourceTree = "<group>"; };
		EEAF1FF424DFF3C600DBDBE9 /* GoalTableViewCell.swift */ = {isa = PBXFileReference; lastKnownFileType = sourcecode.swift; path = GoalTableViewCell.swift; sourceTree = "<group>"; };
		EEC4C6ED24E02FA500DEF571 /* DateUtility.swift */ = {isa = PBXFileReference; lastKnownFileType = sourcecode.swift; path = DateUtility.swift; sourceTree = "<group>"; };
		EED398CB24DAE67400D0C0E7 /* SettingsViewController.swift */ = {isa = PBXFileReference; lastKnownFileType = sourcecode.swift; path = SettingsViewController.swift; sourceTree = "<group>"; };
		EED398D224DAE7F000D0C0E7 /* GoalsViewController.swift */ = {isa = PBXFileReference; lastKnownFileType = sourcecode.swift; path = GoalsViewController.swift; sourceTree = "<group>"; };
		EED398E224DAEB9900D0C0E7 /* HomeViewController.swift */ = {isa = PBXFileReference; lastKnownFileType = sourcecode.swift; path = HomeViewController.swift; sourceTree = "<group>"; };
		EED398E924DAEC8900D0C0E7 /* zh-Hans */ = {isa = PBXFileReference; lastKnownFileType = text.plist.strings; name = "zh-Hans"; path = "zh-Hans.lproj/Main.strings"; sourceTree = "<group>"; };
		FADF59CB24D8171600BC147A /* SportsTracerDEV.app */ = {isa = PBXFileReference; explicitFileType = wrapper.application; includeInIndex = 0; path = SportsTracerDEV.app; sourceTree = BUILT_PRODUCTS_DIR; };
		FADF59CE24D8171600BC147A /* AppDelegate.swift */ = {isa = PBXFileReference; lastKnownFileType = sourcecode.swift; path = AppDelegate.swift; sourceTree = "<group>"; };
		FADF59D024D8171600BC147A /* SceneDelegate.swift */ = {isa = PBXFileReference; lastKnownFileType = sourcecode.swift; path = SceneDelegate.swift; sourceTree = "<group>"; };
		FADF59D524D8171600BC147A /* Base */ = {isa = PBXFileReference; lastKnownFileType = file.storyboard; name = Base; path = Base.lproj/Main.storyboard; sourceTree = "<group>"; };
		FADF59D824D8171600BC147A /* SportsTracer.xcdatamodel */ = {isa = PBXFileReference; lastKnownFileType = wrapper.xcdatamodel; path = SportsTracer.xcdatamodel; sourceTree = "<group>"; };
		FADF59DA24D8171800BC147A /* Assets.xcassets */ = {isa = PBXFileReference; lastKnownFileType = folder.assetcatalog; path = Assets.xcassets; sourceTree = "<group>"; };
		FADF59DD24D8171800BC147A /* Base */ = {isa = PBXFileReference; lastKnownFileType = file.storyboard; name = Base; path = Base.lproj/LaunchScreen.storyboard; sourceTree = "<group>"; };
		FADF59E424D8171800BC147A /* SportsTracerTests.xctest */ = {isa = PBXFileReference; explicitFileType = wrapper.cfbundle; includeInIndex = 0; path = SportsTracerTests.xctest; sourceTree = BUILT_PRODUCTS_DIR; };
		FADF59E824D8171800BC147A /* SportsTracerTests.swift */ = {isa = PBXFileReference; lastKnownFileType = sourcecode.swift; path = SportsTracerTests.swift; sourceTree = "<group>"; };
		FADF59EA24D8171800BC147A /* Info.plist */ = {isa = PBXFileReference; lastKnownFileType = text.plist.xml; path = Info.plist; sourceTree = "<group>"; };
		FADF59EF24D8171800BC147A /* SportsTracerUITests.xctest */ = {isa = PBXFileReference; explicitFileType = wrapper.cfbundle; includeInIndex = 0; path = SportsTracerUITests.xctest; sourceTree = BUILT_PRODUCTS_DIR; };
		FADF59F324D8171800BC147A /* SportsTracerUITests.swift */ = {isa = PBXFileReference; lastKnownFileType = sourcecode.swift; path = SportsTracerUITests.swift; sourceTree = "<group>"; };
		FADF59F524D8171800BC147A /* Info.plist */ = {isa = PBXFileReference; lastKnownFileType = text.plist.xml; path = Info.plist; sourceTree = "<group>"; };
		FADF5A0124D81CDA00BC147A /* SSLPining.swift */ = {isa = PBXFileReference; lastKnownFileType = sourcecode.swift; path = SSLPining.swift; sourceTree = "<group>"; };
		FADF5A0F24D823EF00BC147A /* NetwortService.swift */ = {isa = PBXFileReference; lastKnownFileType = sourcecode.swift; path = NetwortService.swift; sourceTree = "<group>"; };
		FADF5A1124D8247300BC147A /* SecuredNetworkService.swift */ = {isa = PBXFileReference; lastKnownFileType = sourcecode.swift; path = SecuredNetworkService.swift; sourceTree = "<group>"; };
/* End PBXFileReference section */

/* Begin PBXFrameworksBuildPhase section */
		EE8FA96F24DC4B030041819D /* Frameworks */ = {
			isa = PBXFrameworksBuildPhase;
			buildActionMask = 2147483647;
			files = (
				EE8FA97024DC4B030041819D /* Pods_SportsTracer.framework in Frameworks */,
				EE8FA97124DC4B030041819D /* HealthKit.framework in Frameworks */,
			);
			runOnlyForDeploymentPostprocessing = 0;
		};
		EE8FA99624DC4B0A0041819D /* Frameworks */ = {
			isa = PBXFrameworksBuildPhase;
			buildActionMask = 2147483647;
			files = (
				EE8FA99724DC4B0A0041819D /* Pods_SportsTracer.framework in Frameworks */,
				EE8FA99824DC4B0A0041819D /* HealthKit.framework in Frameworks */,
			);
			runOnlyForDeploymentPostprocessing = 0;
		};
		EE8FA9BD24DC4B110041819D /* Frameworks */ = {
			isa = PBXFrameworksBuildPhase;
			buildActionMask = 2147483647;
			files = (
				EE8FA9BE24DC4B110041819D /* Pods_SportsTracer.framework in Frameworks */,
				EE8FA9BF24DC4B110041819D /* HealthKit.framework in Frameworks */,
			);
			runOnlyForDeploymentPostprocessing = 0;
		};
		FADF59C824D8171600BC147A /* Frameworks */ = {
			isa = PBXFrameworksBuildPhase;
			buildActionMask = 2147483647;
			files = (
				25714AED3F26C423446D6D70 /* Pods_SportsTracer.framework in Frameworks */,
				EE8FA95824DC4A3B0041819D /* HealthKit.framework in Frameworks */,
			);
			runOnlyForDeploymentPostprocessing = 0;
		};
		FADF59E124D8171800BC147A /* Frameworks */ = {
			isa = PBXFrameworksBuildPhase;
			buildActionMask = 2147483647;
			files = (
				0A6531852BB62CD2931A353C /* Pods_SportsTracerTests.framework in Frameworks */,
			);
			runOnlyForDeploymentPostprocessing = 0;
		};
		FADF59EC24D8171800BC147A /* Frameworks */ = {
			isa = PBXFrameworksBuildPhase;
			buildActionMask = 2147483647;
			files = (
				CDB66342EB573BC81BC6DDC0 /* Pods_SportsTracer_SportsTracerUITests.framework in Frameworks */,
			);
			runOnlyForDeploymentPostprocessing = 0;
		};
/* End PBXFrameworksBuildPhase section */

/* Begin PBXGroup section */
		17047846994117C67E63475B /* Frameworks */ = {
			isa = PBXGroup;
			children = (
				EE8FA95724DC4A3B0041819D /* HealthKit.framework */,
				9A43D0C6E9378209E1CF449B /* Pods_SportsTracer.framework */,
				045F43C0F82ABABAE397C81D /* Pods_SportsTracer_SportsTracerUITests.framework */,
				9D97CBA9629AEB67C113E014 /* Pods_SportsTracerTests.framework */,
			);
			name = Frameworks;
			sourceTree = "<group>";
		};
		3820043DEDC3F2A614BCCF78 /* Pods */ = {
			isa = PBXGroup;
			children = (
				AF54F60BF1C0366CCAEBB84B /* Pods-SportsTracer.debug.xcconfig */,
				9A7DBF7CFA23E0A460B1F328 /* Pods-SportsTracer.release.xcconfig */,
				06FA656506620220F5CFBAED /* Pods-SportsTracer-SportsTracerUITests.debug.xcconfig */,
				DE5C0BA424559B6EABBC0FDB /* Pods-SportsTracer-SportsTracerUITests.release.xcconfig */,
				2335F1D9415255CCEC0A1791 /* Pods-SportsTracerTests.debug.xcconfig */,
				2625DE2D085F6BD919CD7802 /* Pods-SportsTracerTests.release.xcconfig */,
			);
			path = Pods;
			sourceTree = "<group>";
		};
		EE090F7524DAB51000300A4F /* Managers */ = {
			isa = PBXGroup;
			children = (
				EE47A62D24DF07FE0090621A /* Data */,
				EE8FA95024DC43710041819D /* Health */,
			);
			path = Managers;
			sourceTree = "<group>";
		};
		EE090F8D24DAD96700300A4F /* Goals */ = {
			isa = PBXGroup;
			children = (
				EE090F8E24DAD98A00300A4F /* GoalService.swift */,
			);
			path = Goals;
			sourceTree = "<group>";
		};
		EE090F9324DAD9E700300A4F /* Global */ = {
			isa = PBXGroup;
			children = (
				EE090F9424DADA0200300A4F /* Settings.swift */,
			);
			path = Global;
			sourceTree = "<group>";
		};
		EE090F9924DADA5D00300A4F /* Models */ = {
			isa = PBXGroup;
			children = (
				EE090F9A24DADA7E00300A4F /* Goal.swift */,
			);
			path = Models;
			sourceTree = "<group>";
		};
		EE090F9F24DADB9900300A4F /* Utilities */ = {
			isa = PBXGroup;
			children = (
				EE090FA024DADD8200300A4F /* ErrorHandling.swift */,
				EE8FA91924DC0AFE0041819D /* UIRefreshControl+AutoBeginRefresh.swift */,
				EE8FA94B24DC417A0041819D /* UIViewController+Enumerate.swift */,
				EEC4C6ED24E02FA500DEF571 /* DateUtility.swift */,
			);
			path = Utilities;
			sourceTree = "<group>";
		};
		EE47A60D24DEF4C30090621A /* EntityToModel */ = {
			isa = PBXGroup;
			children = (
				EE47A60E24DEF5150090621A /* GoalEntity+EntityToModel.swift */,
				EE47A61D24DEFB840090621A /* ModelConvertableProtocol.swift */,
				EE47A61824DEFB160090621A /* RewardEntity+EntityToModel.swift */,
				EE47A61324DEFAF50090621A /* TypeEntity+EntityToModel.swift */,
			);
			path = EntityToModel;
			sourceTree = "<group>";
		};
		EE47A62224DF02F70090621A /* ModelToEntity */ = {
			isa = PBXGroup;
			children = (
				EE47A62324DF03230090621A /* EntityConvertableProtocol.swift */,
				EE47A62824DF04020090621A /* Model+ModelToEntity.swift */,
			);
			path = ModelToEntity;
			sourceTree = "<group>";
		};
		EE47A62D24DF07FE0090621A /* Data */ = {
			isa = PBXGroup;
			children = (
				EE47A62E24DF08110090621A /* DataManager.swift */,
			);
			path = Data;
			sourceTree = "<group>";
		};
		EE48CB1E24DAF94700BD04E1 /* Resources */ = {
			isa = PBXGroup;
			children = (
				EE47A60324DEEBC50090621A /* AppSpot.cer */,
				EE8FA92824DC36660041819D /* Localizations.strings */,
			);
			path = Resources;
			sourceTree = "<group>";
		};
		EE8FA95024DC43710041819D /* Health */ = {
			isa = PBXGroup;
			children = (
				EE090F7624DAB54000300A4F /* HealthDataManager.swift */,
			);
			path = Health;
			sourceTree = "<group>";
		};
		EEAF1FEE24DFB4D900DBDBE9 /* Views */ = {
			isa = PBXGroup;
			children = (
				EEAF1FF424DFF3C600DBDBE9 /* GoalTableViewCell.swift */,
			);
			path = Views;
			sourceTree = "<group>";
		};
		EEAF1FF924DFF3D700DBDBE9 /* Views */ = {
			isa = PBXGroup;
			children = (
				EEAF1FEF24DFB4F600DBDBE9 /* HealthRecordTableViewCellI.swift */,
			);
			path = Views;
			sourceTree = "<group>";
		};
		EED398CA24DAE64600D0C0E7 /* Goals */ = {
			isa = PBXGroup;
			children = (
				EEAF1FEE24DFB4D900DBDBE9 /* Views */,
				EED398D224DAE7F000D0C0E7 /* GoalsViewController.swift */,
			);
			path = Goals;
			sourceTree = "<group>";
		};
		EED398D124DAE67D00D0C0E7 /* Settings */ = {
			isa = PBXGroup;
			children = (
				EED398CB24DAE67400D0C0E7 /* SettingsViewController.swift */,
			);
			path = Settings;
			sourceTree = "<group>";
		};
		EED398E724DAEB9C00D0C0E7 /* Home */ = {
			isa = PBXGroup;
			children = (
				EEAF1FF924DFF3D700DBDBE9 /* Views */,
				EED398E224DAEB9900D0C0E7 /* HomeViewController.swift */,
			);
			path = Home;
			sourceTree = "<group>";
		};
		FADF59C224D8171600BC147A = {
			isa = PBXGroup;
			children = (
				FADF59CD24D8171600BC147A /* SportsTracer */,
				FADF59E724D8171800BC147A /* SportsTracerTests */,
				FADF59F224D8171800BC147A /* SportsTracerUITests */,
				FADF59CC24D8171600BC147A /* Products */,
				3820043DEDC3F2A614BCCF78 /* Pods */,
				17047846994117C67E63475B /* Frameworks */,
			);
			sourceTree = "<group>";
		};
		FADF59CC24D8171600BC147A /* Products */ = {
			isa = PBXGroup;
			children = (
				FADF59CB24D8171600BC147A /* SportsTracerDEV.app */,
				FADF59E424D8171800BC147A /* SportsTracerTests.xctest */,
				FADF59EF24D8171800BC147A /* SportsTracerUITests.xctest */,
				EE8FA98024DC4B030041819D /* SportsTracerQA.app */,
				EE8FA9A724DC4B0A0041819D /* SportsTracerUAT.app */,
				EE8FA9CE24DC4B110041819D /* SportsTracerPROD.app */,
			);
			name = Products;
			sourceTree = "<group>";
		};
		FADF59CD24D8171600BC147A /* SportsTracer */ = {
			isa = PBXGroup;
			children = (
				EE090F9324DAD9E700300A4F /* Global */,
				EE090F7524DAB51000300A4F /* Managers */,
				EE090F9924DADA5D00300A4F /* Models */,
				FADF5A0E24D8235700BC147A /* Network */,
				FADF5A0B24D8218900BC147A /* Persistence */,
				EE48CB1E24DAF94700BD04E1 /* Resources */,
				FADF5A0A24D8215800BC147A /* Supporting Files */,
				FADF5A0D24D821D900BC147A /* UI */,
				EE090F9F24DADB9900300A4F /* Utilities */,
				FADF5A0C24D821CD00BC147A /* ViewControllers */,
			);
			path = SportsTracer;
			sourceTree = "<group>";
		};
		FADF59E724D8171800BC147A /* SportsTracerTests */ = {
			isa = PBXGroup;
			children = (
				FADF59E824D8171800BC147A /* SportsTracerTests.swift */,
				FADF59EA24D8171800BC147A /* Info.plist */,
			);
			path = SportsTracerTests;
			sourceTree = "<group>";
		};
		FADF59F224D8171800BC147A /* SportsTracerUITests */ = {
			isa = PBXGroup;
			children = (
				FADF59F324D8171800BC147A /* SportsTracerUITests.swift */,
				FADF59F524D8171800BC147A /* Info.plist */,
			);
			path = SportsTracerUITests;
			sourceTree = "<group>";
		};
		FADF5A0924D8212200BC147A /* Base */ = {
			isa = PBXGroup;
			children = (
				FADF5A0F24D823EF00BC147A /* NetwortService.swift */,
				FADF5A1124D8247300BC147A /* SecuredNetworkService.swift */,
				FADF5A0124D81CDA00BC147A /* SSLPining.swift */,
			);
			path = Base;
			sourceTree = "<group>";
		};
		FADF5A0A24D8215800BC147A /* Supporting Files */ = {
			isa = PBXGroup;
			children = (
				FADF59CE24D8171600BC147A /* AppDelegate.swift */,
				FADF59DA24D8171800BC147A /* Assets.xcassets */,
				FADF59D024D8171600BC147A /* SceneDelegate.swift */,
				EE8FA93924DC40C50041819D /* SportsTracerDEV-Info.plist */,
				EE8FA93A24DC40C50041819D /* SportsTracerPROD-Info.plist */,
				EE8FA93824DC40C50041819D /* SportsTracerQA-Info.plist */,
				EE8FA93724DC40C50041819D /* SportsTracerUAT-Info.plist */,
			);
			path = "Supporting Files";
			sourceTree = "<group>";
		};
		FADF5A0B24D8218900BC147A /* Persistence */ = {
			isa = PBXGroup;
			children = (
				EEAF1FE924DFAA3800DBDBE9 /* EntityManager.swift */,
				EE47A60D24DEF4C30090621A /* EntityToModel */,
				EE47A62224DF02F70090621A /* ModelToEntity */,
				EE47A60824DEF3120090621A /* PersistenceManager.swift */,
				FADF59D724D8171600BC147A /* SportsTracer.xcdatamodeld */,
			);
			path = Persistence;
			sourceTree = "<group>";
		};
		FADF5A0C24D821CD00BC147A /* ViewControllers */ = {
			isa = PBXGroup;
			children = (
				EED398CA24DAE64600D0C0E7 /* Goals */,
				EED398E724DAEB9C00D0C0E7 /* Home */,
				EED398D124DAE67D00D0C0E7 /* Settings */,
			);
			path = ViewControllers;
			sourceTree = "<group>";
		};
		FADF5A0D24D821D900BC147A /* UI */ = {
			isa = PBXGroup;
			children = (
				FADF59DC24D8171800BC147A /* LaunchScreen.storyboard */,
				FADF59D424D8171600BC147A /* Main.storyboard */,
			);
			path = UI;
			sourceTree = "<group>";
		};
		FADF5A0E24D8235700BC147A /* Network */ = {
			isa = PBXGroup;
			children = (
				EE090F8D24DAD96700300A4F /* Goals */,
				FADF5A0924D8212200BC147A /* Base */,
			);
			path = Network;
			sourceTree = "<group>";
		};
/* End PBXGroup section */

/* Begin PBXNativeTarget section */
		EE8FA95B24DC4B030041819D /* SportsTracerQA */ = {
			isa = PBXNativeTarget;
			buildConfigurationList = EE8FA97D24DC4B030041819D /* Build configuration list for PBXNativeTarget "SportsTracerQA" */;
			buildPhases = (
				EE8FA95C24DC4B030041819D /* [CP] Check Pods Manifest.lock */,
				EE8FA95D24DC4B030041819D /* Sources */,
				EE8FA96F24DC4B030041819D /* Frameworks */,
				EE8FA97224DC4B030041819D /* Resources */,
				EE8FA97C24DC4B030041819D /* [CP] Embed Pods Frameworks */,
			);
			buildRules = (
			);
			dependencies = (
			);
			name = SportsTracerQA;
			productName = SportsTracer;
			productReference = EE8FA98024DC4B030041819D /* SportsTracerQA.app */;
			productType = "com.apple.product-type.application";
		};
		EE8FA98224DC4B0A0041819D /* SportsTracerUAT */ = {
			isa = PBXNativeTarget;
			buildConfigurationList = EE8FA9A424DC4B0A0041819D /* Build configuration list for PBXNativeTarget "SportsTracerUAT" */;
			buildPhases = (
				EE8FA98324DC4B0A0041819D /* [CP] Check Pods Manifest.lock */,
				EE8FA98424DC4B0A0041819D /* Sources */,
				EE8FA99624DC4B0A0041819D /* Frameworks */,
				EE8FA99924DC4B0A0041819D /* Resources */,
				EE8FA9A324DC4B0A0041819D /* [CP] Embed Pods Frameworks */,
			);
			buildRules = (
			);
			dependencies = (
			);
			name = SportsTracerUAT;
			productName = SportsTracer;
			productReference = EE8FA9A724DC4B0A0041819D /* SportsTracerUAT.app */;
			productType = "com.apple.product-type.application";
		};
		EE8FA9A924DC4B110041819D /* SportsTracerPROD */ = {
			isa = PBXNativeTarget;
			buildConfigurationList = EE8FA9CB24DC4B110041819D /* Build configuration list for PBXNativeTarget "SportsTracerPROD" */;
			buildPhases = (
				EE8FA9AA24DC4B110041819D /* [CP] Check Pods Manifest.lock */,
				EE8FA9AB24DC4B110041819D /* Sources */,
				EE8FA9BD24DC4B110041819D /* Frameworks */,
				EE8FA9C024DC4B110041819D /* Resources */,
				EE8FA9CA24DC4B110041819D /* [CP] Embed Pods Frameworks */,
			);
			buildRules = (
			);
			dependencies = (
			);
			name = SportsTracerPROD;
			productName = SportsTracer;
			productReference = EE8FA9CE24DC4B110041819D /* SportsTracerPROD.app */;
			productType = "com.apple.product-type.application";
		};
		FADF59CA24D8171600BC147A /* SportsTracerDEV */ = {
			isa = PBXNativeTarget;
			buildConfigurationList = FADF59F824D8171800BC147A /* Build configuration list for PBXNativeTarget "SportsTracerDEV" */;
			buildPhases = (
				E52A8C2F9B51F46C6758FEF6 /* [CP] Check Pods Manifest.lock */,
				FADF59C724D8171600BC147A /* Sources */,
				FADF59C824D8171600BC147A /* Frameworks */,
				FADF59C924D8171600BC147A /* Resources */,
				CECDBF849719D22F519C1588 /* [CP] Embed Pods Frameworks */,
			);
			buildRules = (
			);
			dependencies = (
			);
			name = SportsTracerDEV;
			productName = SportsTracer;
			productReference = FADF59CB24D8171600BC147A /* SportsTracerDEV.app */;
			productType = "com.apple.product-type.application";
		};
		FADF59E324D8171800BC147A /* SportsTracerTests */ = {
			isa = PBXNativeTarget;
			buildConfigurationList = FADF59FB24D8171800BC147A /* Build configuration list for PBXNativeTarget "SportsTracerTests" */;
			buildPhases = (
				E465DFC3235E863D45FA85EC /* [CP] Check Pods Manifest.lock */,
				FADF59E024D8171800BC147A /* Sources */,
				FADF59E124D8171800BC147A /* Frameworks */,
				FADF59E224D8171800BC147A /* Resources */,
			);
			buildRules = (
			);
			dependencies = (
				FADF59E624D8171800BC147A /* PBXTargetDependency */,
			);
			name = SportsTracerTests;
			productName = SportsTracerTests;
			productReference = FADF59E424D8171800BC147A /* SportsTracerTests.xctest */;
			productType = "com.apple.product-type.bundle.unit-test";
		};
		FADF59EE24D8171800BC147A /* SportsTracerUITests */ = {
			isa = PBXNativeTarget;
			buildConfigurationList = FADF59FE24D8171800BC147A /* Build configuration list for PBXNativeTarget "SportsTracerUITests" */;
			buildPhases = (
				C808E075E351DBF70EFF8AF7 /* [CP] Check Pods Manifest.lock */,
				FADF59EB24D8171800BC147A /* Sources */,
				FADF59EC24D8171800BC147A /* Frameworks */,
				FADF59ED24D8171800BC147A /* Resources */,
				6F7B9980DFAD4C5948A9224D /* [CP] Embed Pods Frameworks */,
			);
			buildRules = (
			);
			dependencies = (
				FADF59F124D8171800BC147A /* PBXTargetDependency */,
			);
			name = SportsTracerUITests;
			productName = SportsTracerUITests;
			productReference = FADF59EF24D8171800BC147A /* SportsTracerUITests.xctest */;
			productType = "com.apple.product-type.bundle.ui-testing";
		};
/* End PBXNativeTarget section */

/* Begin PBXProject section */
		FADF59C324D8171600BC147A /* Project object */ = {
			isa = PBXProject;
			attributes = {
				LastSwiftUpdateCheck = 1160;
				LastUpgradeCheck = 1160;
				ORGANIZATIONNAME = "HalfRoad Software Inc";
				TargetAttributes = {
					FADF59CA24D8171600BC147A = {
						CreatedOnToolsVersion = 11.6;
					};
					FADF59E324D8171800BC147A = {
						CreatedOnToolsVersion = 11.6;
						TestTargetID = FADF59CA24D8171600BC147A;
					};
					FADF59EE24D8171800BC147A = {
						CreatedOnToolsVersion = 11.6;
						TestTargetID = FADF59CA24D8171600BC147A;
					};
				};
			};
			buildConfigurationList = FADF59C624D8171600BC147A /* Build configuration list for PBXProject "SportsTracer" */;
			compatibilityVersion = "Xcode 9.3";
			developmentRegion = en;
			hasScannedForEncodings = 0;
			knownRegions = (
				en,
				Base,
				"zh-Hans",
			);
			mainGroup = FADF59C224D8171600BC147A;
			productRefGroup = FADF59CC24D8171600BC147A /* Products */;
			projectDirPath = "";
			projectRoot = "";
			targets = (
				FADF59CA24D8171600BC147A /* SportsTracerDEV */,
				FADF59E324D8171800BC147A /* SportsTracerTests */,
				FADF59EE24D8171800BC147A /* SportsTracerUITests */,
				EE8FA95B24DC4B030041819D /* SportsTracerQA */,
				EE8FA98224DC4B0A0041819D /* SportsTracerUAT */,
				EE8FA9A924DC4B110041819D /* SportsTracerPROD */,
			);
		};
/* End PBXProject section */

/* Begin PBXResourcesBuildPhase section */
		EE8FA97224DC4B030041819D /* Resources */ = {
			isa = PBXResourcesBuildPhase;
			buildActionMask = 2147483647;
			files = (
				EE47A60524DEEBC60090621A /* AppSpot.cer in Resources */,
				EE8FA97324DC4B030041819D /* SportsTracerDEV-Info.plist in Resources */,
				EE8FA97424DC4B030041819D /* Localizations.strings in Resources */,
				EE8FA97524DC4B030041819D /* LaunchScreen.storyboard in Resources */,
				EE8FA97624DC4B030041819D /* SportsTracerPROD-Info.plist in Resources */,
				EE8FA97724DC4B030041819D /* Assets.xcassets in Resources */,
				EE8FA97824DC4B030041819D /* Main.storyboard in Resources */,
				EE8FA97A24DC4B030041819D /* SportsTracerUAT-Info.plist in Resources */,
				EE8FA97B24DC4B030041819D /* SportsTracerQA-Info.plist in Resources */,
			);
			runOnlyForDeploymentPostprocessing = 0;
		};
		EE8FA99924DC4B0A0041819D /* Resources */ = {
			isa = PBXResourcesBuildPhase;
			buildActionMask = 2147483647;
			files = (
				EE47A60624DEEBC60090621A /* AppSpot.cer in Resources */,
				EE8FA99A24DC4B0A0041819D /* SportsTracerDEV-Info.plist in Resources */,
				EE8FA99B24DC4B0A0041819D /* Localizations.strings in Resources */,
				EE8FA99C24DC4B0A0041819D /* LaunchScreen.storyboard in Resources */,
				EE8FA99D24DC4B0A0041819D /* SportsTracerPROD-Info.plist in Resources */,
				EE8FA99E24DC4B0A0041819D /* Assets.xcassets in Resources */,
				EE8FA99F24DC4B0A0041819D /* Main.storyboard in Resources */,
				EE8FA9A124DC4B0A0041819D /* SportsTracerUAT-Info.plist in Resources */,
				EE8FA9A224DC4B0A0041819D /* SportsTracerQA-Info.plist in Resources */,
			);
			runOnlyForDeploymentPostprocessing = 0;
		};
		EE8FA9C024DC4B110041819D /* Resources */ = {
			isa = PBXResourcesBuildPhase;
			buildActionMask = 2147483647;
			files = (
				EE47A60724DEEBC60090621A /* AppSpot.cer in Resources */,
				EE8FA9C124DC4B110041819D /* SportsTracerDEV-Info.plist in Resources */,
				EE8FA9C224DC4B110041819D /* Localizations.strings in Resources */,
				EE8FA9C324DC4B110041819D /* LaunchScreen.storyboard in Resources */,
				EE8FA9C424DC4B110041819D /* SportsTracerPROD-Info.plist in Resources */,
				EE8FA9C524DC4B110041819D /* Assets.xcassets in Resources */,
				EE8FA9C624DC4B110041819D /* Main.storyboard in Resources */,
				EE8FA9C824DC4B110041819D /* SportsTracerUAT-Info.plist in Resources */,
				EE8FA9C924DC4B110041819D /* SportsTracerQA-Info.plist in Resources */,
			);
			runOnlyForDeploymentPostprocessing = 0;
		};
		FADF59C924D8171600BC147A /* Resources */ = {
			isa = PBXResourcesBuildPhase;
			buildActionMask = 2147483647;
			files = (
				EE8FA92324DC36660041819D /* Localizations.strings in Resources */,
				FADF59DE24D8171800BC147A /* LaunchScreen.storyboard in Resources */,
				FADF59DB24D8171800BC147A /* Assets.xcassets in Resources */,
				FADF59D624D8171600BC147A /* Main.storyboard in Resources */,
				EE47A60424DEEBC60090621A /* AppSpot.cer in Resources */,
			);
			runOnlyForDeploymentPostprocessing = 0;
		};
		FADF59E224D8171800BC147A /* Resources */ = {
			isa = PBXResourcesBuildPhase;
			buildActionMask = 2147483647;
			files = (
			);
			runOnlyForDeploymentPostprocessing = 0;
		};
		FADF59ED24D8171800BC147A /* Resources */ = {
			isa = PBXResourcesBuildPhase;
			buildActionMask = 2147483647;
			files = (
			);
			runOnlyForDeploymentPostprocessing = 0;
		};
/* End PBXResourcesBuildPhase section */

/* Begin PBXShellScriptBuildPhase section */
		6F7B9980DFAD4C5948A9224D /* [CP] Embed Pods Frameworks */ = {
			isa = PBXShellScriptBuildPhase;
			buildActionMask = 2147483647;
			files = (
			);
			inputFileListPaths = (
				"${PODS_ROOT}/Target Support Files/Pods-SportsTracer-SportsTracerUITests/Pods-SportsTracer-SportsTracerUITests-frameworks-${CONFIGURATION}-input-files.xcfilelist",
			);
			name = "[CP] Embed Pods Frameworks";
			outputFileListPaths = (
				"${PODS_ROOT}/Target Support Files/Pods-SportsTracer-SportsTracerUITests/Pods-SportsTracer-SportsTracerUITests-frameworks-${CONFIGURATION}-output-files.xcfilelist",
			);
			runOnlyForDeploymentPostprocessing = 0;
			shellPath = /bin/sh;
			shellScript = "\"${PODS_ROOT}/Target Support Files/Pods-SportsTracer-SportsTracerUITests/Pods-SportsTracer-SportsTracerUITests-frameworks.sh\"\n";
			showEnvVarsInLog = 0;
		};
		C808E075E351DBF70EFF8AF7 /* [CP] Check Pods Manifest.lock */ = {
			isa = PBXShellScriptBuildPhase;
			buildActionMask = 2147483647;
			files = (
			);
			inputFileListPaths = (
			);
			inputPaths = (
				"${PODS_PODFILE_DIR_PATH}/Podfile.lock",
				"${PODS_ROOT}/Manifest.lock",
			);
			name = "[CP] Check Pods Manifest.lock";
			outputFileListPaths = (
			);
			outputPaths = (
				"$(DERIVED_FILE_DIR)/Pods-SportsTracer-SportsTracerUITests-checkManifestLockResult.txt",
			);
			runOnlyForDeploymentPostprocessing = 0;
			shellPath = /bin/sh;
			shellScript = "diff \"${PODS_PODFILE_DIR_PATH}/Podfile.lock\" \"${PODS_ROOT}/Manifest.lock\" > /dev/null\nif [ $? != 0 ] ; then\n    # print error to STDERR\n    echo \"error: The sandbox is not in sync with the Podfile.lock. Run 'pod install' or update your CocoaPods installation.\" >&2\n    exit 1\nfi\n# This output is used by Xcode 'outputs' to avoid re-running this script phase.\necho \"SUCCESS\" > \"${SCRIPT_OUTPUT_FILE_0}\"\n";
			showEnvVarsInLog = 0;
		};
		CECDBF849719D22F519C1588 /* [CP] Embed Pods Frameworks */ = {
			isa = PBXShellScriptBuildPhase;
			buildActionMask = 2147483647;
			files = (
			);
			inputFileListPaths = (
				"${PODS_ROOT}/Target Support Files/Pods-SportsTracer/Pods-SportsTracer-frameworks-${CONFIGURATION}-input-files.xcfilelist",
			);
			name = "[CP] Embed Pods Frameworks";
			outputFileListPaths = (
				"${PODS_ROOT}/Target Support Files/Pods-SportsTracer/Pods-SportsTracer-frameworks-${CONFIGURATION}-output-files.xcfilelist",
			);
			runOnlyForDeploymentPostprocessing = 0;
			shellPath = /bin/sh;
			shellScript = "\"${PODS_ROOT}/Target Support Files/Pods-SportsTracer/Pods-SportsTracer-frameworks.sh\"\n";
			showEnvVarsInLog = 0;
		};
		E465DFC3235E863D45FA85EC /* [CP] Check Pods Manifest.lock */ = {
			isa = PBXShellScriptBuildPhase;
			buildActionMask = 2147483647;
			files = (
			);
			inputFileListPaths = (
			);
			inputPaths = (
				"${PODS_PODFILE_DIR_PATH}/Podfile.lock",
				"${PODS_ROOT}/Manifest.lock",
			);
			name = "[CP] Check Pods Manifest.lock";
			outputFileListPaths = (
			);
			outputPaths = (
				"$(DERIVED_FILE_DIR)/Pods-SportsTracerTests-checkManifestLockResult.txt",
			);
			runOnlyForDeploymentPostprocessing = 0;
			shellPath = /bin/sh;
			shellScript = "diff \"${PODS_PODFILE_DIR_PATH}/Podfile.lock\" \"${PODS_ROOT}/Manifest.lock\" > /dev/null\nif [ $? != 0 ] ; then\n    # print error to STDERR\n    echo \"error: The sandbox is not in sync with the Podfile.lock. Run 'pod install' or update your CocoaPods installation.\" >&2\n    exit 1\nfi\n# This output is used by Xcode 'outputs' to avoid re-running this script phase.\necho \"SUCCESS\" > \"${SCRIPT_OUTPUT_FILE_0}\"\n";
			showEnvVarsInLog = 0;
		};
		E52A8C2F9B51F46C6758FEF6 /* [CP] Check Pods Manifest.lock */ = {
			isa = PBXShellScriptBuildPhase;
			buildActionMask = 2147483647;
			files = (
			);
			inputFileListPaths = (
			);
			inputPaths = (
				"${PODS_PODFILE_DIR_PATH}/Podfile.lock",
				"${PODS_ROOT}/Manifest.lock",
			);
			name = "[CP] Check Pods Manifest.lock";
			outputFileListPaths = (
			);
			outputPaths = (
				"$(DERIVED_FILE_DIR)/Pods-SportsTracer-checkManifestLockResult.txt",
			);
			runOnlyForDeploymentPostprocessing = 0;
			shellPath = /bin/sh;
			shellScript = "diff \"${PODS_PODFILE_DIR_PATH}/Podfile.lock\" \"${PODS_ROOT}/Manifest.lock\" > /dev/null\nif [ $? != 0 ] ; then\n    # print error to STDERR\n    echo \"error: The sandbox is not in sync with the Podfile.lock. Run 'pod install' or update your CocoaPods installation.\" >&2\n    exit 1\nfi\n# This output is used by Xcode 'outputs' to avoid re-running this script phase.\necho \"SUCCESS\" > \"${SCRIPT_OUTPUT_FILE_0}\"\n";
			showEnvVarsInLog = 0;
		};
		EE8FA95C24DC4B030041819D /* [CP] Check Pods Manifest.lock */ = {
			isa = PBXShellScriptBuildPhase;
			buildActionMask = 2147483647;
			files = (
			);
			inputFileListPaths = (
			);
			inputPaths = (
				"${PODS_PODFILE_DIR_PATH}/Podfile.lock",
				"${PODS_ROOT}/Manifest.lock",
			);
			name = "[CP] Check Pods Manifest.lock";
			outputFileListPaths = (
			);
			outputPaths = (
				"$(DERIVED_FILE_DIR)/Pods-SportsTracer-checkManifestLockResult.txt",
			);
			runOnlyForDeploymentPostprocessing = 0;
			shellPath = /bin/sh;
			shellScript = "diff \"${PODS_PODFILE_DIR_PATH}/Podfile.lock\" \"${PODS_ROOT}/Manifest.lock\" > /dev/null\nif [ $? != 0 ] ; then\n    # print error to STDERR\n    echo \"error: The sandbox is not in sync with the Podfile.lock. Run 'pod install' or update your CocoaPods installation.\" >&2\n    exit 1\nfi\n# This output is used by Xcode 'outputs' to avoid re-running this script phase.\necho \"SUCCESS\" > \"${SCRIPT_OUTPUT_FILE_0}\"\n";
			showEnvVarsInLog = 0;
		};
		EE8FA97C24DC4B030041819D /* [CP] Embed Pods Frameworks */ = {
			isa = PBXShellScriptBuildPhase;
			buildActionMask = 2147483647;
			files = (
			);
			inputFileListPaths = (
				"${PODS_ROOT}/Target Support Files/Pods-SportsTracer/Pods-SportsTracer-frameworks-${CONFIGURATION}-input-files.xcfilelist",
			);
			name = "[CP] Embed Pods Frameworks";
			outputFileListPaths = (
				"${PODS_ROOT}/Target Support Files/Pods-SportsTracer/Pods-SportsTracer-frameworks-${CONFIGURATION}-output-files.xcfilelist",
			);
			runOnlyForDeploymentPostprocessing = 0;
			shellPath = /bin/sh;
			shellScript = "\"${PODS_ROOT}/Target Support Files/Pods-SportsTracer/Pods-SportsTracer-frameworks.sh\"\n";
			showEnvVarsInLog = 0;
		};
		EE8FA98324DC4B0A0041819D /* [CP] Check Pods Manifest.lock */ = {
			isa = PBXShellScriptBuildPhase;
			buildActionMask = 2147483647;
			files = (
			);
			inputFileListPaths = (
			);
			inputPaths = (
				"${PODS_PODFILE_DIR_PATH}/Podfile.lock",
				"${PODS_ROOT}/Manifest.lock",
			);
			name = "[CP] Check Pods Manifest.lock";
			outputFileListPaths = (
			);
			outputPaths = (
				"$(DERIVED_FILE_DIR)/Pods-SportsTracer-checkManifestLockResult.txt",
			);
			runOnlyForDeploymentPostprocessing = 0;
			shellPath = /bin/sh;
			shellScript = "diff \"${PODS_PODFILE_DIR_PATH}/Podfile.lock\" \"${PODS_ROOT}/Manifest.lock\" > /dev/null\nif [ $? != 0 ] ; then\n    # print error to STDERR\n    echo \"error: The sandbox is not in sync with the Podfile.lock. Run 'pod install' or update your CocoaPods installation.\" >&2\n    exit 1\nfi\n# This output is used by Xcode 'outputs' to avoid re-running this script phase.\necho \"SUCCESS\" > \"${SCRIPT_OUTPUT_FILE_0}\"\n";
			showEnvVarsInLog = 0;
		};
		EE8FA9A324DC4B0A0041819D /* [CP] Embed Pods Frameworks */ = {
			isa = PBXShellScriptBuildPhase;
			buildActionMask = 2147483647;
			files = (
			);
			inputFileListPaths = (
				"${PODS_ROOT}/Target Support Files/Pods-SportsTracer/Pods-SportsTracer-frameworks-${CONFIGURATION}-input-files.xcfilelist",
			);
			name = "[CP] Embed Pods Frameworks";
			outputFileListPaths = (
				"${PODS_ROOT}/Target Support Files/Pods-SportsTracer/Pods-SportsTracer-frameworks-${CONFIGURATION}-output-files.xcfilelist",
			);
			runOnlyForDeploymentPostprocessing = 0;
			shellPath = /bin/sh;
			shellScript = "\"${PODS_ROOT}/Target Support Files/Pods-SportsTracer/Pods-SportsTracer-frameworks.sh\"\n";
			showEnvVarsInLog = 0;
		};
		EE8FA9AA24DC4B110041819D /* [CP] Check Pods Manifest.lock */ = {
			isa = PBXShellScriptBuildPhase;
			buildActionMask = 2147483647;
			files = (
			);
			inputFileListPaths = (
			);
			inputPaths = (
				"${PODS_PODFILE_DIR_PATH}/Podfile.lock",
				"${PODS_ROOT}/Manifest.lock",
			);
			name = "[CP] Check Pods Manifest.lock";
			outputFileListPaths = (
			);
			outputPaths = (
				"$(DERIVED_FILE_DIR)/Pods-SportsTracer-checkManifestLockResult.txt",
			);
			runOnlyForDeploymentPostprocessing = 0;
			shellPath = /bin/sh;
			shellScript = "diff \"${PODS_PODFILE_DIR_PATH}/Podfile.lock\" \"${PODS_ROOT}/Manifest.lock\" > /dev/null\nif [ $? != 0 ] ; then\n    # print error to STDERR\n    echo \"error: The sandbox is not in sync with the Podfile.lock. Run 'pod install' or update your CocoaPods installation.\" >&2\n    exit 1\nfi\n# This output is used by Xcode 'outputs' to avoid re-running this script phase.\necho \"SUCCESS\" > \"${SCRIPT_OUTPUT_FILE_0}\"\n";
			showEnvVarsInLog = 0;
		};
		EE8FA9CA24DC4B110041819D /* [CP] Embed Pods Frameworks */ = {
			isa = PBXShellScriptBuildPhase;
			buildActionMask = 2147483647;
			files = (
			);
			inputFileListPaths = (
				"${PODS_ROOT}/Target Support Files/Pods-SportsTracer/Pods-SportsTracer-frameworks-${CONFIGURATION}-input-files.xcfilelist",
			);
			name = "[CP] Embed Pods Frameworks";
			outputFileListPaths = (
				"${PODS_ROOT}/Target Support Files/Pods-SportsTracer/Pods-SportsTracer-frameworks-${CONFIGURATION}-output-files.xcfilelist",
			);
			runOnlyForDeploymentPostprocessing = 0;
			shellPath = /bin/sh;
			shellScript = "\"${PODS_ROOT}/Target Support Files/Pods-SportsTracer/Pods-SportsTracer-frameworks.sh\"\n";
			showEnvVarsInLog = 0;
		};
/* End PBXShellScriptBuildPhase section */

/* Begin PBXSourcesBuildPhase section */
		EE8FA95D24DC4B030041819D /* Sources */ = {
			isa = PBXSourcesBuildPhase;
			buildActionMask = 2147483647;
			files = (
				EE47A61524DEFAF50090621A /* TypeEntity+EntityToModel.swift in Sources */,
				EEAF1FF124DFB4F600DBDBE9 /* HealthRecordTableViewCellI.swift in Sources */,
				EE8FA95E24DC4B030041819D /* NetwortService.swift in Sources */,
				EE8FA95F24DC4B030041819D /* SportsTracer.xcdatamodeld in Sources */,
				EE47A62524DF03230090621A /* EntityConvertableProtocol.swift in Sources */,
				EE8FA96024DC4B030041819D /* UIViewController+Enumerate.swift in Sources */,
				EE8FA96124DC4B030041819D /* Settings.swift in Sources */,
				EE47A61F24DEFB840090621A /* ModelConvertableProtocol.swift in Sources */,
				EEAF1FF624DFF3C600DBDBE9 /* GoalTableViewCell.swift in Sources */,
				EE8FA96324DC4B030041819D /* HomeViewController.swift in Sources */,
				EE47A62A24DF04020090621A /* Model+ModelToEntity.swift in Sources */,
				EE8FA96424DC4B030041819D /* SSLPining.swift in Sources */,
				EE8FA96524DC4B030041819D /* GoalService.swift in Sources */,
				EE47A61024DEF5150090621A /* GoalEntity+EntityToModel.swift in Sources */,
				EE8FA96624DC4B030041819D /* Goal.swift in Sources */,
				EE8FA96724DC4B030041819D /* GoalsViewController.swift in Sources */,
				EE8FA96824DC4B030041819D /* HealthDataManager.swift in Sources */,
				EE8FA96924DC4B030041819D /* SecuredNetworkService.swift in Sources */,
				EE8FA96A24DC4B030041819D /* ErrorHandling.swift in Sources */,
				EE8FA96B24DC4B030041819D /* UIRefreshControl+AutoBeginRefresh.swift in Sources */,
				EEC4C6EF24E02FA500DEF571 /* DateUtility.swift in Sources */,
				EE8FA96C24DC4B030041819D /* SettingsViewController.swift in Sources */,
				EEAF1FEB24DFAA3900DBDBE9 /* EntityManager.swift in Sources */,
				EE47A60A24DEF3120090621A /* PersistenceManager.swift in Sources */,
				EE47A63024DF08110090621A /* DataManager.swift in Sources */,
				EE8FA96D24DC4B030041819D /* AppDelegate.swift in Sources */,
				EE47A61A24DEFB160090621A /* RewardEntity+EntityToModel.swift in Sources */,
				EE8FA96E24DC4B030041819D /* SceneDelegate.swift in Sources */,
			);
			runOnlyForDeploymentPostprocessing = 0;
		};
		EE8FA98424DC4B0A0041819D /* Sources */ = {
			isa = PBXSourcesBuildPhase;
			buildActionMask = 2147483647;
			files = (
				EE47A61624DEFAF50090621A /* TypeEntity+EntityToModel.swift in Sources */,
				EEAF1FF224DFB4F600DBDBE9 /* HealthRecordTableViewCellI.swift in Sources */,
				EE8FA98524DC4B0A0041819D /* NetwortService.swift in Sources */,
				EE8FA98624DC4B0A0041819D /* SportsTracer.xcdatamodeld in Sources */,
				EE47A62624DF03230090621A /* EntityConvertableProtocol.swift in Sources */,
				EE8FA98724DC4B0A0041819D /* UIViewController+Enumerate.swift in Sources */,
				EE8FA98824DC4B0A0041819D /* Settings.swift in Sources */,
				EE47A62024DEFB840090621A /* ModelConvertableProtocol.swift in Sources */,
				EEAF1FF724DFF3C600DBDBE9 /* GoalTableViewCell.swift in Sources */,
				EE8FA98A24DC4B0A0041819D /* HomeViewController.swift in Sources */,
				EE47A62B24DF04020090621A /* Model+ModelToEntity.swift in Sources */,
				EE8FA98B24DC4B0A0041819D /* SSLPining.swift in Sources */,
				EE8FA98C24DC4B0A0041819D /* GoalService.swift in Sources */,
				EE47A61124DEF5150090621A /* GoalEntity+EntityToModel.swift in Sources */,
				EE8FA98D24DC4B0A0041819D /* Goal.swift in Sources */,
				EE8FA98E24DC4B0A0041819D /* GoalsViewController.swift in Sources */,
				EE8FA98F24DC4B0A0041819D /* HealthDataManager.swift in Sources */,
				EE8FA99024DC4B0A0041819D /* SecuredNetworkService.swift in Sources */,
				EE8FA99124DC4B0A0041819D /* ErrorHandling.swift in Sources */,
				EE8FA99224DC4B0A0041819D /* UIRefreshControl+AutoBeginRefresh.swift in Sources */,
				EEC4C6F024E02FA500DEF571 /* DateUtility.swift in Sources */,
				EE8FA99324DC4B0A0041819D /* SettingsViewController.swift in Sources */,
				EEAF1FEC24DFAA3900DBDBE9 /* EntityManager.swift in Sources */,
				EE47A60B24DEF3120090621A /* PersistenceManager.swift in Sources */,
				EE47A63124DF08110090621A /* DataManager.swift in Sources */,
				EE8FA99424DC4B0A0041819D /* AppDelegate.swift in Sources */,
				EE47A61B24DEFB160090621A /* RewardEntity+EntityToModel.swift in Sources */,
				EE8FA99524DC4B0A0041819D /* SceneDelegate.swift in Sources */,
			);
			runOnlyForDeploymentPostprocessing = 0;
		};
		EE8FA9AB24DC4B110041819D /* Sources */ = {
			isa = PBXSourcesBuildPhase;
			buildActionMask = 2147483647;
			files = (
				EE47A61724DEFAF50090621A /* TypeEntity+EntityToModel.swift in Sources */,
				EEAF1FF324DFB4F600DBDBE9 /* HealthRecordTableViewCellI.swift in Sources */,
				EE8FA9AC24DC4B110041819D /* NetwortService.swift in Sources */,
				EE8FA9AD24DC4B110041819D /* SportsTracer.xcdatamodeld in Sources */,
				EE47A62724DF03230090621A /* EntityConvertableProtocol.swift in Sources */,
				EE8FA9AE24DC4B110041819D /* UIViewController+Enumerate.swift in Sources */,
				EE8FA9AF24DC4B110041819D /* Settings.swift in Sources */,
				EE47A62124DEFB840090621A /* ModelConvertableProtocol.swift in Sources */,
				EEAF1FF824DFF3C600DBDBE9 /* GoalTableViewCell.swift in Sources */,
				EE8FA9B124DC4B110041819D /* HomeViewController.swift in Sources */,
				EE47A62C24DF04020090621A /* Model+ModelToEntity.swift in Sources */,
				EE8FA9B224DC4B110041819D /* SSLPining.swift in Sources */,
				EE8FA9B324DC4B110041819D /* GoalService.swift in Sources */,
				EE47A61224DEF5150090621A /* GoalEntity+EntityToModel.swift in Sources */,
				EE8FA9B424DC4B110041819D /* Goal.swift in Sources */,
				EE8FA9B524DC4B110041819D /* GoalsViewController.swift in Sources */,
				EE8FA9B624DC4B110041819D /* HealthDataManager.swift in Sources */,
				EE8FA9B724DC4B110041819D /* SecuredNetworkService.swift in Sources */,
				EE8FA9B824DC4B110041819D /* ErrorHandling.swift in Sources */,
				EE8FA9B924DC4B110041819D /* UIRefreshControl+AutoBeginRefresh.swift in Sources */,
				EEC4C6F124E02FA500DEF571 /* DateUtility.swift in Sources */,
				EE8FA9BA24DC4B110041819D /* SettingsViewController.swift in Sources */,
				EEAF1FED24DFAA3900DBDBE9 /* EntityManager.swift in Sources */,
				EE47A60C24DEF3120090621A /* PersistenceManager.swift in Sources */,
				EE47A63224DF08110090621A /* DataManager.swift in Sources */,
				EE8FA9BB24DC4B110041819D /* AppDelegate.swift in Sources */,
				EE47A61C24DEFB160090621A /* RewardEntity+EntityToModel.swift in Sources */,
				EE8FA9BC24DC4B110041819D /* SceneDelegate.swift in Sources */,
			);
			runOnlyForDeploymentPostprocessing = 0;
		};
		FADF59C724D8171600BC147A /* Sources */ = {
			isa = PBXSourcesBuildPhase;
			buildActionMask = 2147483647;
			files = (
				EE47A61424DEFAF50090621A /* TypeEntity+EntityToModel.swift in Sources */,
				EEAF1FF024DFB4F600DBDBE9 /* HealthRecordTableViewCellI.swift in Sources */,
				FADF5A1024D823EF00BC147A /* NetwortService.swift in Sources */,
				FADF59D924D8171600BC147A /* SportsTracer.xcdatamodeld in Sources */,
				EE47A62424DF03230090621A /* EntityConvertableProtocol.swift in Sources */,
				EE8FA94C24DC417A0041819D /* UIViewController+Enumerate.swift in Sources */,
				EE090F9524DADA0200300A4F /* Settings.swift in Sources */,
				EE47A61E24DEFB840090621A /* ModelConvertableProtocol.swift in Sources */,
				EEAF1FF524DFF3C600DBDBE9 /* GoalTableViewCell.swift in Sources */,
				EED398E324DAEB9900D0C0E7 /* HomeViewController.swift in Sources */,
				EE47A62924DF04020090621A /* Model+ModelToEntity.swift in Sources */,
				FADF5A0224D81CDA00BC147A /* SSLPining.swift in Sources */,
				EE48CB1924DAEDCB00BD04E1 /* GoalService.swift in Sources */,
				EE47A60F24DEF5150090621A /* GoalEntity+EntityToModel.swift in Sources */,
				EE090F9B24DADA7E00300A4F /* Goal.swift in Sources */,
				EE48CB1D24DAEDD900BD04E1 /* GoalsViewController.swift in Sources */,
				EE090F7724DAB54000300A4F /* HealthDataManager.swift in Sources */,
				FADF5A1224D8247300BC147A /* SecuredNetworkService.swift in Sources */,
				EE090FA124DADD8200300A4F /* ErrorHandling.swift in Sources */,
				EE8FA91A24DC0AFE0041819D /* UIRefreshControl+AutoBeginRefresh.swift in Sources */,
				EEC4C6EE24E02FA500DEF571 /* DateUtility.swift in Sources */,
				EED398CC24DAE67400D0C0E7 /* SettingsViewController.swift in Sources */,
				EEAF1FEA24DFAA3900DBDBE9 /* EntityManager.swift in Sources */,
				EE47A60924DEF3120090621A /* PersistenceManager.swift in Sources */,
				EE47A62F24DF08110090621A /* DataManager.swift in Sources */,
				FADF59CF24D8171600BC147A /* AppDelegate.swift in Sources */,
				EE47A61924DEFB160090621A /* RewardEntity+EntityToModel.swift in Sources */,
				FADF59D124D8171600BC147A /* SceneDelegate.swift in Sources */,
			);
			runOnlyForDeploymentPostprocessing = 0;
		};
		FADF59E024D8171800BC147A /* Sources */ = {
			isa = PBXSourcesBuildPhase;
			buildActionMask = 2147483647;
			files = (
				FADF59E924D8171800BC147A /* SportsTracerTests.swift in Sources */,
			);
			runOnlyForDeploymentPostprocessing = 0;
		};
		FADF59EB24D8171800BC147A /* Sources */ = {
			isa = PBXSourcesBuildPhase;
			buildActionMask = 2147483647;
			files = (
				FADF59F424D8171800BC147A /* SportsTracerUITests.swift in Sources */,
			);
			runOnlyForDeploymentPostprocessing = 0;
		};
/* End PBXSourcesBuildPhase section */

/* Begin PBXTargetDependency section */
		FADF59E624D8171800BC147A /* PBXTargetDependency */ = {
			isa = PBXTargetDependency;
			target = FADF59CA24D8171600BC147A /* SportsTracerDEV */;
			targetProxy = FADF59E524D8171800BC147A /* PBXContainerItemProxy */;
		};
		FADF59F124D8171800BC147A /* PBXTargetDependency */ = {
			isa = PBXTargetDependency;
			target = FADF59CA24D8171600BC147A /* SportsTracerDEV */;
			targetProxy = FADF59F024D8171800BC147A /* PBXContainerItemProxy */;
		};
/* End PBXTargetDependency section */

/* Begin PBXVariantGroup section */
		EE8FA92824DC36660041819D /* Localizations.strings */ = {
			isa = PBXVariantGroup;
			children = (
				EE8FA92724DC36660041819D /* zh-Hans */,
			);
			name = Localizations.strings;
			sourceTree = "<group>";
		};
		FADF59D424D8171600BC147A /* Main.storyboard */ = {
			isa = PBXVariantGroup;
			children = (
				FADF59D524D8171600BC147A /* Base */,
				EED398E924DAEC8900D0C0E7 /* zh-Hans */,
			);
			name = Main.storyboard;
			sourceTree = "<group>";
		};
		FADF59DC24D8171800BC147A /* LaunchScreen.storyboard */ = {
			isa = PBXVariantGroup;
			children = (
				FADF59DD24D8171800BC147A /* Base */,
				EE090F6E24DAB40B00300A4F /* zh-Hans */,
			);
			name = LaunchScreen.storyboard;
			sourceTree = "<group>";
		};
/* End PBXVariantGroup section */

/* Begin XCBuildConfiguration section */
		EE8FA97E24DC4B030041819D /* Debug */ = {
			isa = XCBuildConfiguration;
			baseConfigurationReference = AF54F60BF1C0366CCAEBB84B /* Pods-SportsTracer.debug.xcconfig */;
			buildSettings = {
				ASSETCATALOG_COMPILER_APPICON_NAME = AppIcon;
				CODE_SIGN_ENTITLEMENTS = "SportsTracer/Supporting Files/SportsTracerQA-Info.plist";
				CODE_SIGN_STYLE = Automatic;
				DEVELOPMENT_TEAM = LST56GHYRE;
				INFOPLIST_FILE = "SportsTracer/Supporting Files/SportsTracerQA-Info.plist";
				LD_RUNPATH_SEARCH_PATHS = (
					"$(inherited)",
					"@executable_path/Frameworks",
				);
				PRODUCT_BUNDLE_IDENTIFIER = com.halfroad.interview.sportstracer;
				PRODUCT_NAME = "$(TARGET_NAME)";
				SWIFT_VERSION = 5.0;
				TARGETED_DEVICE_FAMILY = "1,2";
			};
			name = Debug;
		};
		EE8FA97F24DC4B030041819D /* Release */ = {
			isa = XCBuildConfiguration;
			baseConfigurationReference = 9A7DBF7CFA23E0A460B1F328 /* Pods-SportsTracer.release.xcconfig */;
			buildSettings = {
				ASSETCATALOG_COMPILER_APPICON_NAME = AppIcon;
				CODE_SIGN_ENTITLEMENTS = "SportsTracer/Supporting Files/SportsTracerQA-Info.plist";
				CODE_SIGN_STYLE = Automatic;
				DEVELOPMENT_TEAM = LST56GHYRE;
				INFOPLIST_FILE = "SportsTracer/Supporting Files/SportsTracerQA-Info.plist";
				LD_RUNPATH_SEARCH_PATHS = (
					"$(inherited)",
					"@executable_path/Frameworks",
				);
				PRODUCT_BUNDLE_IDENTIFIER = com.halfroad.interview.sportstracer;
				PRODUCT_NAME = "$(TARGET_NAME)";
				SWIFT_VERSION = 5.0;
				TARGETED_DEVICE_FAMILY = "1,2";
			};
			name = Release;
		};
		EE8FA9A524DC4B0A0041819D /* Debug */ = {
			isa = XCBuildConfiguration;
			baseConfigurationReference = AF54F60BF1C0366CCAEBB84B /* Pods-SportsTracer.debug.xcconfig */;
			buildSettings = {
				ASSETCATALOG_COMPILER_APPICON_NAME = AppIcon;
				CODE_SIGN_ENTITLEMENTS = "SportsTracer/Supporting Files/SportsTracerUAT-Info.plist";
				CODE_SIGN_STYLE = Automatic;
				DEVELOPMENT_TEAM = LST56GHYRE;
				INFOPLIST_FILE = "SportsTracer/Supporting Files/SportsTracerUAT-Info.plist";
				LD_RUNPATH_SEARCH_PATHS = (
					"$(inherited)",
					"@executable_path/Frameworks",
				);
				PRODUCT_BUNDLE_IDENTIFIER = com.halfroad.interview.sportstracer;
				PRODUCT_NAME = "$(TARGET_NAME)";
				SWIFT_VERSION = 5.0;
				TARGETED_DEVICE_FAMILY = "1,2";
			};
			name = Debug;
		};
		EE8FA9A624DC4B0A0041819D /* Release */ = {
			isa = XCBuildConfiguration;
			baseConfigurationReference = 9A7DBF7CFA23E0A460B1F328 /* Pods-SportsTracer.release.xcconfig */;
			buildSettings = {
				ASSETCATALOG_COMPILER_APPICON_NAME = AppIcon;
				CODE_SIGN_ENTITLEMENTS = "SportsTracer/Supporting Files/SportsTracerUAT-Info.plist";
				CODE_SIGN_STYLE = Automatic;
				DEVELOPMENT_TEAM = LST56GHYRE;
				INFOPLIST_FILE = "SportsTracer/Supporting Files/SportsTracerUAT-Info.plist";
				LD_RUNPATH_SEARCH_PATHS = (
					"$(inherited)",
					"@executable_path/Frameworks",
				);
				PRODUCT_BUNDLE_IDENTIFIER = com.halfroad.interview.sportstracer;
				PRODUCT_NAME = "$(TARGET_NAME)";
				SWIFT_VERSION = 5.0;
				TARGETED_DEVICE_FAMILY = "1,2";
			};
			name = Release;
		};
		EE8FA9CC24DC4B110041819D /* Debug */ = {
			isa = XCBuildConfiguration;
			baseConfigurationReference = AF54F60BF1C0366CCAEBB84B /* Pods-SportsTracer.debug.xcconfig */;
			buildSettings = {
				ASSETCATALOG_COMPILER_APPICON_NAME = AppIcon;
				CODE_SIGN_ENTITLEMENTS = "SportsTracer/Supporting Files/SportsTracerPROD-Info.plist";
				CODE_SIGN_STYLE = Automatic;
				DEVELOPMENT_TEAM = LST56GHYRE;
				INFOPLIST_FILE = "SportsTracer/Supporting Files/SportsTracerPROD-Info.plist";
				LD_RUNPATH_SEARCH_PATHS = (
					"$(inherited)",
					"@executable_path/Frameworks",
				);
				PRODUCT_BUNDLE_IDENTIFIER = com.halfroad.interview.sportstracer;
				PRODUCT_NAME = "$(TARGET_NAME)";
				SWIFT_VERSION = 5.0;
				TARGETED_DEVICE_FAMILY = "1,2";
			};
			name = Debug;
		};
		EE8FA9CD24DC4B110041819D /* Release */ = {
			isa = XCBuildConfiguration;
			baseConfigurationReference = 9A7DBF7CFA23E0A460B1F328 /* Pods-SportsTracer.release.xcconfig */;
			buildSettings = {
				ASSETCATALOG_COMPILER_APPICON_NAME = AppIcon;
				CODE_SIGN_ENTITLEMENTS = "SportsTracer/Supporting Files/SportsTracerPROD-Info.plist";
				CODE_SIGN_STYLE = Automatic;
				DEVELOPMENT_TEAM = LST56GHYRE;
				INFOPLIST_FILE = "SportsTracer/Supporting Files/SportsTracerPROD-Info.plist";
				LD_RUNPATH_SEARCH_PATHS = (
					"$(inherited)",
					"@executable_path/Frameworks",
				);
				PRODUCT_BUNDLE_IDENTIFIER = com.halfroad.interview.sportstracer;
				PRODUCT_NAME = "$(TARGET_NAME)";
				SWIFT_VERSION = 5.0;
				TARGETED_DEVICE_FAMILY = "1,2";
			};
			name = Release;
		};
		FADF59F624D8171800BC147A /* Debug */ = {
			isa = XCBuildConfiguration;
			buildSettings = {
				ALWAYS_SEARCH_USER_PATHS = NO;
				CLANG_ANALYZER_LOCALIZABILITY_NONLOCALIZED = YES;
				CLANG_ANALYZER_NONNULL = YES;
				CLANG_ANALYZER_NUMBER_OBJECT_CONVERSION = YES_AGGRESSIVE;
				CLANG_CXX_LANGUAGE_STANDARD = "gnu++14";
				CLANG_CXX_LIBRARY = "libc++";
				CLANG_ENABLE_MODULES = YES;
				CLANG_ENABLE_OBJC_ARC = YES;
				CLANG_ENABLE_OBJC_WEAK = YES;
				CLANG_WARN_BLOCK_CAPTURE_AUTORELEASING = YES;
				CLANG_WARN_BOOL_CONVERSION = YES;
				CLANG_WARN_COMMA = YES;
				CLANG_WARN_CONSTANT_CONVERSION = YES;
				CLANG_WARN_DEPRECATED_OBJC_IMPLEMENTATIONS = YES;
				CLANG_WARN_DIRECT_OBJC_ISA_USAGE = YES_ERROR;
				CLANG_WARN_DOCUMENTATION_COMMENTS = YES;
				CLANG_WARN_EMPTY_BODY = YES;
				CLANG_WARN_ENUM_CONVERSION = YES;
				CLANG_WARN_INFINITE_RECURSION = YES;
				CLANG_WARN_INT_CONVERSION = YES;
				CLANG_WARN_NON_LITERAL_NULL_CONVERSION = YES;
				CLANG_WARN_OBJC_IMPLICIT_RETAIN_SELF = YES;
				CLANG_WARN_OBJC_LITERAL_CONVERSION = YES;
				CLANG_WARN_OBJC_ROOT_CLASS = YES_ERROR;
				CLANG_WARN_RANGE_LOOP_ANALYSIS = YES;
				CLANG_WARN_STRICT_PROTOTYPES = YES;
				CLANG_WARN_SUSPICIOUS_MOVE = YES;
				CLANG_WARN_UNGUARDED_AVAILABILITY = YES_AGGRESSIVE;
				CLANG_WARN_UNREACHABLE_CODE = YES;
				CLANG_WARN__DUPLICATE_METHOD_MATCH = YES;
				COPY_PHASE_STRIP = NO;
				DEBUG_INFORMATION_FORMAT = dwarf;
				ENABLE_STRICT_OBJC_MSGSEND = YES;
				ENABLE_TESTABILITY = YES;
				GCC_C_LANGUAGE_STANDARD = gnu11;
				GCC_DYNAMIC_NO_PIC = NO;
				GCC_NO_COMMON_BLOCKS = YES;
				GCC_OPTIMIZATION_LEVEL = 0;
				GCC_PREPROCESSOR_DEFINITIONS = (
					"DEBUG=1",
					"$(inherited)",
				);
				GCC_WARN_64_TO_32_BIT_CONVERSION = YES;
				GCC_WARN_ABOUT_RETURN_TYPE = YES_ERROR;
				GCC_WARN_UNDECLARED_SELECTOR = YES;
				GCC_WARN_UNINITIALIZED_AUTOS = YES_AGGRESSIVE;
				GCC_WARN_UNUSED_FUNCTION = YES;
				GCC_WARN_UNUSED_VARIABLE = YES;
				IPHONEOS_DEPLOYMENT_TARGET = 13.6;
				MOMC_NO_DELETE_RULE_WARNINGS = YES;
				MOMC_NO_INVERSE_RELATIONSHIP_WARNINGS = YES;
				MOMC_NO_MAX_PROPERTY_COUNT_WARNINGS = YES;
				MOMC_NO_WARNINGS = YES;
				MOMC_SUPPRESS_INVERSE_TRANSIENT_ERROR = YES;
				MTL_ENABLE_DEBUG_INFO = INCLUDE_SOURCE;
				MTL_FAST_MATH = YES;
				ONLY_ACTIVE_ARCH = YES;
				SDKROOT = iphoneos;
				SWIFT_ACTIVE_COMPILATION_CONDITIONS = DEBUG;
				SWIFT_OPTIMIZATION_LEVEL = "-Onone";
			};
			name = Debug;
		};
		FADF59F724D8171800BC147A /* Release */ = {
			isa = XCBuildConfiguration;
			buildSettings = {
				ALWAYS_SEARCH_USER_PATHS = NO;
				CLANG_ANALYZER_LOCALIZABILITY_NONLOCALIZED = YES;
				CLANG_ANALYZER_NONNULL = YES;
				CLANG_ANALYZER_NUMBER_OBJECT_CONVERSION = YES_AGGRESSIVE;
				CLANG_CXX_LANGUAGE_STANDARD = "gnu++14";
				CLANG_CXX_LIBRARY = "libc++";
				CLANG_ENABLE_MODULES = YES;
				CLANG_ENABLE_OBJC_ARC = YES;
				CLANG_ENABLE_OBJC_WEAK = YES;
				CLANG_WARN_BLOCK_CAPTURE_AUTORELEASING = YES;
				CLANG_WARN_BOOL_CONVERSION = YES;
				CLANG_WARN_COMMA = YES;
				CLANG_WARN_CONSTANT_CONVERSION = YES;
				CLANG_WARN_DEPRECATED_OBJC_IMPLEMENTATIONS = YES;
				CLANG_WARN_DIRECT_OBJC_ISA_USAGE = YES_ERROR;
				CLANG_WARN_DOCUMENTATION_COMMENTS = YES;
				CLANG_WARN_EMPTY_BODY = YES;
				CLANG_WARN_ENUM_CONVERSION = YES;
				CLANG_WARN_INFINITE_RECURSION = YES;
				CLANG_WARN_INT_CONVERSION = YES;
				CLANG_WARN_NON_LITERAL_NULL_CONVERSION = YES;
				CLANG_WARN_OBJC_IMPLICIT_RETAIN_SELF = YES;
				CLANG_WARN_OBJC_LITERAL_CONVERSION = YES;
				CLANG_WARN_OBJC_ROOT_CLASS = YES_ERROR;
				CLANG_WARN_RANGE_LOOP_ANALYSIS = YES;
				CLANG_WARN_STRICT_PROTOTYPES = YES;
				CLANG_WARN_SUSPICIOUS_MOVE = YES;
				CLANG_WARN_UNGUARDED_AVAILABILITY = YES_AGGRESSIVE;
				CLANG_WARN_UNREACHABLE_CODE = YES;
				CLANG_WARN__DUPLICATE_METHOD_MATCH = YES;
				COPY_PHASE_STRIP = NO;
				DEBUG_INFORMATION_FORMAT = "dwarf-with-dsym";
				ENABLE_NS_ASSERTIONS = NO;
				ENABLE_STRICT_OBJC_MSGSEND = YES;
				GCC_C_LANGUAGE_STANDARD = gnu11;
				GCC_NO_COMMON_BLOCKS = YES;
				GCC_WARN_64_TO_32_BIT_CONVERSION = YES;
				GCC_WARN_ABOUT_RETURN_TYPE = YES_ERROR;
				GCC_WARN_UNDECLARED_SELECTOR = YES;
				GCC_WARN_UNINITIALIZED_AUTOS = YES_AGGRESSIVE;
				GCC_WARN_UNUSED_FUNCTION = YES;
				GCC_WARN_UNUSED_VARIABLE = YES;
				IPHONEOS_DEPLOYMENT_TARGET = 13.6;
				MOMC_NO_DELETE_RULE_WARNINGS = YES;
				MOMC_NO_INVERSE_RELATIONSHIP_WARNINGS = YES;
				MOMC_NO_MAX_PROPERTY_COUNT_WARNINGS = YES;
				MOMC_NO_WARNINGS = YES;
				MOMC_SUPPRESS_INVERSE_TRANSIENT_ERROR = YES;
				MTL_ENABLE_DEBUG_INFO = NO;
				MTL_FAST_MATH = YES;
				SDKROOT = iphoneos;
				SWIFT_COMPILATION_MODE = wholemodule;
				SWIFT_OPTIMIZATION_LEVEL = "-O";
				VALIDATE_PRODUCT = YES;
			};
			name = Release;
		};
		FADF59F924D8171800BC147A /* Debug */ = {
			isa = XCBuildConfiguration;
			baseConfigurationReference = AF54F60BF1C0366CCAEBB84B /* Pods-SportsTracer.debug.xcconfig */;
			buildSettings = {
				ASSETCATALOG_COMPILER_APPICON_NAME = AppIcon;
				CODE_SIGN_ENTITLEMENTS = "SportsTracer/Supporting Files/SportsTracerDEV-Info.plist";
				CODE_SIGN_IDENTITY = "Apple Development";
				CODE_SIGN_STYLE = Automatic;
				DEVELOPMENT_TEAM = LST56GHYRE;
				INFOPLIST_FILE = "SportsTracer/Supporting Files/SportsTracerDEV-Info.plist";
				LD_RUNPATH_SEARCH_PATHS = (
					"$(inherited)",
					"@executable_path/Frameworks",
				);
				PRODUCT_BUNDLE_IDENTIFIER = com.halfroad.interview.sportstracer;
				PRODUCT_NAME = "$(TARGET_NAME)";
				PROVISIONING_PROFILE_SPECIFIER = "";
				SWIFT_VERSION = 5.0;
				TARGETED_DEVICE_FAMILY = "1,2";
			};
			name = Debug;
		};
		FADF59FA24D8171800BC147A /* Release */ = {
			isa = XCBuildConfiguration;
			baseConfigurationReference = 9A7DBF7CFA23E0A460B1F328 /* Pods-SportsTracer.release.xcconfig */;
			buildSettings = {
				ASSETCATALOG_COMPILER_APPICON_NAME = AppIcon;
				CODE_SIGN_ENTITLEMENTS = "SportsTracer/Supporting Files/SportsTracerDEV-Info.plist";
				CODE_SIGN_STYLE = Automatic;
				DEVELOPMENT_TEAM = LST56GHYRE;
				INFOPLIST_FILE = "SportsTracer/Supporting Files/SportsTracerDEV-Info.plist";
				LD_RUNPATH_SEARCH_PATHS = (
					"$(inherited)",
					"@executable_path/Frameworks",
				);
				PRODUCT_BUNDLE_IDENTIFIER = com.halfroad.interview.sportstracer;
				PRODUCT_NAME = "$(TARGET_NAME)";
				SWIFT_VERSION = 5.0;
				TARGETED_DEVICE_FAMILY = "1,2";
			};
			name = Release;
		};
		FADF59FC24D8171800BC147A /* Debug */ = {
			isa = XCBuildConfiguration;
			baseConfigurationReference = 2335F1D9415255CCEC0A1791 /* Pods-SportsTracerTests.debug.xcconfig */;
			buildSettings = {
				ALWAYS_EMBED_SWIFT_STANDARD_LIBRARIES = YES;
				BUNDLE_LOADER = "$(TEST_HOST)";
				CODE_SIGN_STYLE = Automatic;
				DEVELOPMENT_TEAM = LST56GHYRE;
				INFOPLIST_FILE = SportsTracerTests/Info.plist;
				IPHONEOS_DEPLOYMENT_TARGET = 13.6;
				LD_RUNPATH_SEARCH_PATHS = (
					"$(inherited)",
					"@executable_path/Frameworks",
					"@loader_path/Frameworks",
				);
				PRODUCT_BUNDLE_IDENTIFIER = com.halfroad.interview.mobile.SportsTracerTests;
				PRODUCT_NAME = "$(TARGET_NAME)";
				SWIFT_VERSION = 5.0;
				TARGETED_DEVICE_FAMILY = "1,2";
				TEST_HOST = "$(BUILT_PRODUCTS_DIR)/SportsTracer.app/SportsTracer";
			};
			name = Debug;
		};
		FADF59FD24D8171800BC147A /* Release */ = {
			isa = XCBuildConfiguration;
			baseConfigurationReference = 2625DE2D085F6BD919CD7802 /* Pods-SportsTracerTests.release.xcconfig */;
			buildSettings = {
				ALWAYS_EMBED_SWIFT_STANDARD_LIBRARIES = YES;
				BUNDLE_LOADER = "$(TEST_HOST)";
				CODE_SIGN_STYLE = Automatic;
				DEVELOPMENT_TEAM = LST56GHYRE;
				INFOPLIST_FILE = SportsTracerTests/Info.plist;
				IPHONEOS_DEPLOYMENT_TARGET = 13.6;
				LD_RUNPATH_SEARCH_PATHS = (
					"$(inherited)",
					"@executable_path/Frameworks",
					"@loader_path/Frameworks",
				);
				PRODUCT_BUNDLE_IDENTIFIER = com.halfroad.interview.mobile.SportsTracerTests;
				PRODUCT_NAME = "$(TARGET_NAME)";
				SWIFT_VERSION = 5.0;
				TARGETED_DEVICE_FAMILY = "1,2";
				TEST_HOST = "$(BUILT_PRODUCTS_DIR)/SportsTracer.app/SportsTracer";
			};
			name = Release;
		};
		FADF59FF24D8171800BC147A /* Debug */ = {
			isa = XCBuildConfiguration;
			baseConfigurationReference = 06FA656506620220F5CFBAED /* Pods-SportsTracer-SportsTracerUITests.debug.xcconfig */;
			buildSettings = {
				ALWAYS_EMBED_SWIFT_STANDARD_LIBRARIES = YES;
				CODE_SIGN_STYLE = Automatic;
				DEVELOPMENT_TEAM = LST56GHYRE;
				INFOPLIST_FILE = SportsTracerUITests/Info.plist;
				LD_RUNPATH_SEARCH_PATHS = (
					"$(inherited)",
					"@executable_path/Frameworks",
					"@loader_path/Frameworks",
				);
				PRODUCT_BUNDLE_IDENTIFIER = com.halfroad.interview.mobile.SportsTracerUITests;
				PRODUCT_NAME = "$(TARGET_NAME)";
				SWIFT_VERSION = 5.0;
				TARGETED_DEVICE_FAMILY = "1,2";
				TEST_TARGET_NAME = SportsTracer;
			};
			name = Debug;
		};
		FADF5A0024D8171800BC147A /* Release */ = {
			isa = XCBuildConfiguration;
			baseConfigurationReference = DE5C0BA424559B6EABBC0FDB /* Pods-SportsTracer-SportsTracerUITests.release.xcconfig */;
			buildSettings = {
				ALWAYS_EMBED_SWIFT_STANDARD_LIBRARIES = YES;
				CODE_SIGN_STYLE = Automatic;
				DEVELOPMENT_TEAM = LST56GHYRE;
				INFOPLIST_FILE = SportsTracerUITests/Info.plist;
				LD_RUNPATH_SEARCH_PATHS = (
					"$(inherited)",
					"@executable_path/Frameworks",
					"@loader_path/Frameworks",
				);
				PRODUCT_BUNDLE_IDENTIFIER = com.halfroad.interview.mobile.SportsTracerUITests;
				PRODUCT_NAME = "$(TARGET_NAME)";
				SWIFT_VERSION = 5.0;
				TARGETED_DEVICE_FAMILY = "1,2";
				TEST_TARGET_NAME = SportsTracer;
			};
			name = Release;
		};
/* End XCBuildConfiguration section */

/* Begin XCConfigurationList section */
		EE8FA97D24DC4B030041819D /* Build configuration list for PBXNativeTarget "SportsTracerQA" */ = {
			isa = XCConfigurationList;
			buildConfigurations = (
				EE8FA97E24DC4B030041819D /* Debug */,
				EE8FA97F24DC4B030041819D /* Release */,
			);
			defaultConfigurationIsVisible = 0;
			defaultConfigurationName = Release;
		};
		EE8FA9A424DC4B0A0041819D /* Build configuration list for PBXNativeTarget "SportsTracerUAT" */ = {
			isa = XCConfigurationList;
			buildConfigurations = (
				EE8FA9A524DC4B0A0041819D /* Debug */,
				EE8FA9A624DC4B0A0041819D /* Release */,
			);
			defaultConfigurationIsVisible = 0;
			defaultConfigurationName = Release;
		};
		EE8FA9CB24DC4B110041819D /* Build configuration list for PBXNativeTarget "SportsTracerPROD" */ = {
			isa = XCConfigurationList;
			buildConfigurations = (
				EE8FA9CC24DC4B110041819D /* Debug */,
				EE8FA9CD24DC4B110041819D /* Release */,
			);
			defaultConfigurationIsVisible = 0;
			defaultConfigurationName = Release;
		};
		FADF59C624D8171600BC147A /* Build configuration list for PBXProject "SportsTracer" */ = {
			isa = XCConfigurationList;
			buildConfigurations = (
				FADF59F624D8171800BC147A /* Debug */,
				FADF59F724D8171800BC147A /* Release */,
			);
			defaultConfigurationIsVisible = 0;
			defaultConfigurationName = Release;
		};
		FADF59F824D8171800BC147A /* Build configuration list for PBXNativeTarget "SportsTracerDEV" */ = {
			isa = XCConfigurationList;
			buildConfigurations = (
				FADF59F924D8171800BC147A /* Debug */,
				FADF59FA24D8171800BC147A /* Release */,
			);
			defaultConfigurationIsVisible = 0;
			defaultConfigurationName = Release;
		};
		FADF59FB24D8171800BC147A /* Build configuration list for PBXNativeTarget "SportsTracerTests" */ = {
			isa = XCConfigurationList;
			buildConfigurations = (
				FADF59FC24D8171800BC147A /* Debug */,
				FADF59FD24D8171800BC147A /* Release */,
			);
			defaultConfigurationIsVisible = 0;
			defaultConfigurationName = Release;
		};
		FADF59FE24D8171800BC147A /* Build configuration list for PBXNativeTarget "SportsTracerUITests" */ = {
			isa = XCConfigurationList;
			buildConfigurations = (
				FADF59FF24D8171800BC147A /* Debug */,
				FADF5A0024D8171800BC147A /* Release */,
			);
			defaultConfigurationIsVisible = 0;
			defaultConfigurationName = Release;
		};
/* End XCConfigurationList section */

/* Begin XCVersionGroup section */
		FADF59D724D8171600BC147A /* SportsTracer.xcdatamodeld */ = {
			isa = XCVersionGroup;
			children = (
				FADF59D824D8171600BC147A /* SportsTracer.xcdatamodel */,
			);
			currentVersion = FADF59D824D8171600BC147A /* SportsTracer.xcdatamodel */;
			path = SportsTracer.xcdatamodeld;
			sourceTree = "<group>";
			versionGroupType = wrapper.xcdatamodel;
		};
/* End XCVersionGroup section */
	};
	rootObject = FADF59C324D8171600BC147A /* Project object */;
}
